// !$*UTF8*$!
{
	archiveVersion = 1;
	classes = {
	};
	objectVersion = 55;
	objects = {

/* Begin PBXBuildFile section */
		2FDF77821B312607ED85FABD /* Pods_DatingChamberTests.framework in Frameworks */ = {isa = PBXBuildFile; fileRef = 583C8561B24CA2895C5E418A /* Pods_DatingChamberTests.framework */; };
		AC11603571AE24016913698E /* Pods_DatingChamber_DatingChamberUITests.framework in Frameworks */ = {isa = PBXBuildFile; fileRef = 67F38AE49E652FBA2932DFCC /* Pods_DatingChamber_DatingChamberUITests.framework */; };
		C8C018EA24F7D88B044EC4CD /* Pods_DatingChamber.framework in Frameworks */ = {isa = PBXBuildFile; fileRef = 8D32021C10C86B0735E5842C /* Pods_DatingChamber.framework */; };
		FF071623292D42810028B35D /* UserModel.swift in Sources */ = {isa = PBXBuildFile; fileRef = FF071622292D42810028B35D /* UserModel.swift */; };
		FF071625292D436A0028B35D /* AccountViewModel.swift in Sources */ = {isa = PBXBuildFile; fileRef = FF071624292D436A0028B35D /* AccountViewModel.swift */; };
		FF071627292D45000028B35D /* AccountPreview.swift in Sources */ = {isa = PBXBuildFile; fileRef = FF071626292D45000028B35D /* AccountPreview.swift */; };
		FF071629292D472C0028B35D /* ProfileImage.swift in Sources */ = {isa = PBXBuildFile; fileRef = FF071628292D472C0028B35D /* ProfileImage.swift */; };
		FF07162B292D47470028B35D /* EditAccount.swift in Sources */ = {isa = PBXBuildFile; fileRef = FF07162A292D47470028B35D /* EditAccount.swift */; };
		FF07162F292D4D5E0028B35D /* AccountName.swift in Sources */ = {isa = PBXBuildFile; fileRef = FF07162E292D4D5E0028B35D /* AccountName.swift */; };
		FF071631292E3F4D0028B35D /* AccountSpecs.swift in Sources */ = {isa = PBXBuildFile; fileRef = FF071630292E3F4D0028B35D /* AccountSpecs.swift */; };
		FF071633292E40170028B35D /* EditAccountInnerView.swift in Sources */ = {isa = PBXBuildFile; fileRef = FF071632292E40170028B35D /* EditAccountInnerView.swift */; };
		FF071635292E558F0028B35D /* EditInterests.swift in Sources */ = {isa = PBXBuildFile; fileRef = FF071634292E558E0028B35D /* EditInterests.swift */; };
		FF071637292E6E830028B35D /* EditBirthday.swift in Sources */ = {isa = PBXBuildFile; fileRef = FF071636292E6E830028B35D /* EditBirthday.swift */; };
		FF5F2075291A8C3F007E0E99 /* CustomTabView.swift in Sources */ = {isa = PBXBuildFile; fileRef = FF5F2074291A8C3F007E0E99 /* CustomTabView.swift */; };
		FF5F2077291A8C8C007E0E99 /* TabViewModel.swift in Sources */ = {isa = PBXBuildFile; fileRef = FF5F2076291A8C8C007E0E99 /* TabViewModel.swift */; };
		FF5F2079291A8DFE007E0E99 /* MainView.swift in Sources */ = {isa = PBXBuildFile; fileRef = FF5F2078291A8DFE007E0E99 /* MainView.swift */; };
		FF5F207E291A90BB007E0E99 /* Account.swift in Sources */ = {isa = PBXBuildFile; fileRef = FF5F207D291A90BB007E0E99 /* Account.swift */; };
		FF5F2080291AADE7007E0E99 /* Swipes.swift in Sources */ = {isa = PBXBuildFile; fileRef = FF5F207F291AADE7007E0E99 /* Swipes.swift */; };
		FF5F2082291AADF1007E0E99 /* SwipeCard.swift in Sources */ = {isa = PBXBuildFile; fileRef = FF5F2081291AADF1007E0E99 /* SwipeCard.swift */; };
		FF5F2084291AAF39007E0E99 /* SwipeModel.swift in Sources */ = {isa = PBXBuildFile; fileRef = FF5F2083291AAF38007E0E99 /* SwipeModel.swift */; };
		FF5F2086291AB38B007E0E99 /* AppPreviewModel.swift in Sources */ = {isa = PBXBuildFile; fileRef = FF5F2085291AB38B007E0E99 /* AppPreviewModel.swift */; };
		FF5F2088291AB4A8007E0E99 /* ActionSheetButtonHelper.swift in Sources */ = {isa = PBXBuildFile; fileRef = FF5F2087291AB4A8007E0E99 /* ActionSheetButtonHelper.swift */; };
		FF5F208A291AB4E7007E0E99 /* CustomActionSheet.swift in Sources */ = {isa = PBXBuildFile; fileRef = FF5F2089291AB4E7007E0E99 /* CustomActionSheet.swift */; };
		FF5F208C291AB57C007E0E99 /* SwipeButtonHelper.swift in Sources */ = {isa = PBXBuildFile; fileRef = FF5F208B291AB57C007E0E99 /* SwipeButtonHelper.swift */; };
		FF5F208E291AC5B2007E0E99 /* SwipesViewModel.swift in Sources */ = {isa = PBXBuildFile; fileRef = FF5F208D291AC5B2007E0E99 /* SwipesViewModel.swift */; };
		FF5F2090291AC81F007E0E99 /* SwipeOnlineAndVerified.swift in Sources */ = {isa = PBXBuildFile; fileRef = FF5F208F291AC81F007E0E99 /* SwipeOnlineAndVerified.swift */; };
		FF5F2093291ACCE2007E0E99 /* Sliders in Frameworks */ = {isa = PBXBuildFile; productRef = FF5F2092291ACCE2007E0E99 /* Sliders */; };
		FF5F2095291ACCED007E0E99 /* Filter.swift in Sources */ = {isa = PBXBuildFile; fileRef = FF5F2094291ACCED007E0E99 /* Filter.swift */; };
		FF5F2097291ACD17007E0E99 /* AgeFilter.swift in Sources */ = {isa = PBXBuildFile; fileRef = FF5F2096291ACD17007E0E99 /* AgeFilter.swift */; };
		FF5F2099291ACDC4007E0E99 /* CustomSegmentPicker.swift in Sources */ = {isa = PBXBuildFile; fileRef = FF5F2098291ACDC4007E0E99 /* CustomSegmentPicker.swift */; };
		FF5F209C291AE747007E0E99 /* TagLayoutView in Frameworks */ = {isa = PBXBuildFile; productRef = FF5F209B291AE747007E0E99 /* TagLayoutView */; };
		FF5F209E291AE75C007E0E99 /* TagsViewHelper.swift in Sources */ = {isa = PBXBuildFile; fileRef = FF5F209D291AE75C007E0E99 /* TagsViewHelper.swift */; };
		FF5F20A0291AEAC5007E0E99 /* AuthInterests.swift in Sources */ = {isa = PBXBuildFile; fileRef = FF5F209F291AEAC5007E0E99 /* AuthInterests.swift */; };
		FFB4D5AA29118EDE0065955F /* DatingChamberApp.swift in Sources */ = {isa = PBXBuildFile; fileRef = FFB4D5A929118EDE0065955F /* DatingChamberApp.swift */; };
		FFB4D5AC29118EDE0065955F /* ContentView.swift in Sources */ = {isa = PBXBuildFile; fileRef = FFB4D5AB29118EDE0065955F /* ContentView.swift */; };
		FFB4D5AE29118EE10065955F /* Assets.xcassets in Resources */ = {isa = PBXBuildFile; fileRef = FFB4D5AD29118EE10065955F /* Assets.xcassets */; };
		FFB4D5B129118EE10065955F /* Preview Assets.xcassets in Resources */ = {isa = PBXBuildFile; fileRef = FFB4D5B029118EE10065955F /* Preview Assets.xcassets */; };
		FFB4D5BB29118EE20065955F /* DatingChamberTests.swift in Sources */ = {isa = PBXBuildFile; fileRef = FFB4D5BA29118EE20065955F /* DatingChamberTests.swift */; };
		FFB4D5C529118EE20065955F /* DatingChamberUITests.swift in Sources */ = {isa = PBXBuildFile; fileRef = FFB4D5C429118EE20065955F /* DatingChamberUITests.swift */; };
		FFB4D5C729118EE20065955F /* DatingChamberUITestsLaunchTests.swift in Sources */ = {isa = PBXBuildFile; fileRef = FFB4D5C629118EE20065955F /* DatingChamberUITestsLaunchTests.swift */; };
		FFB4D5D929118FB10065955F /* Introduction.swift in Sources */ = {isa = PBXBuildFile; fileRef = FFB4D5D829118FB10065955F /* Introduction.swift */; };
		FFB4D5DB29118FBE0065955F /* Authentication.swift in Sources */ = {isa = PBXBuildFile; fileRef = FFB4D5DA29118FBE0065955F /* Authentication.swift */; };
		FFB4D5DD291192150065955F /* AuthViewModel.swift in Sources */ = {isa = PBXBuildFile; fileRef = FFB4D5DC291192150065955F /* AuthViewModel.swift */; };
		FFB4D5DF291192490065955F /* Credentials.swift in Sources */ = {isa = PBXBuildFile; fileRef = FFB4D5DE291192490065955F /* Credentials.swift */; };
		FFB4D5E1291192EE0065955F /* ButtonHelper.swift in Sources */ = {isa = PBXBuildFile; fileRef = FFB4D5E0291192EE0065955F /* ButtonHelper.swift */; };
		FFB4D5E3291193010065955F /* AppColors.swift in Sources */ = {isa = PBXBuildFile; fileRef = FFB4D5E2291193010065955F /* AppColors.swift */; };
		FFB4D5E5291193B80065955F /* CountryCodeSelection.swift in Sources */ = {isa = PBXBuildFile; fileRef = FFB4D5E4291193B80065955F /* CountryCodeSelection.swift */; };
		FFB4D5E8291194AD0065955F /* Localizable.strings in Resources */ = {isa = PBXBuildFile; fileRef = FFB4D5EA291194AD0065955F /* Localizable.strings */; };
		FFC6142A2911E8D700CE75E2 /* AppDelegate.swift in Sources */ = {isa = PBXBuildFile; fileRef = FFC614292911E8D700CE75E2 /* AppDelegate.swift */; };
		FFC6142D2911EA9D00CE75E2 /* FirebaseAnalytics in Frameworks */ = {isa = PBXBuildFile; productRef = FFC6142C2911EA9D00CE75E2 /* FirebaseAnalytics */; };
		FFC6142F2911EA9D00CE75E2 /* FirebaseAnalyticsSwift in Frameworks */ = {isa = PBXBuildFile; productRef = FFC6142E2911EA9D00CE75E2 /* FirebaseAnalyticsSwift */; };
		FFC614312911EA9D00CE75E2 /* FirebaseAuth in Frameworks */ = {isa = PBXBuildFile; productRef = FFC614302911EA9D00CE75E2 /* FirebaseAuth */; };
		FFC614332911EA9D00CE75E2 /* FirebaseCrashlytics in Frameworks */ = {isa = PBXBuildFile; productRef = FFC614322911EA9D00CE75E2 /* FirebaseCrashlytics */; };
		FFC614352911EA9D00CE75E2 /* FirebaseDatabase in Frameworks */ = {isa = PBXBuildFile; productRef = FFC614342911EA9D00CE75E2 /* FirebaseDatabase */; };
		FFC614372911EA9D00CE75E2 /* FirebaseDatabaseSwift in Frameworks */ = {isa = PBXBuildFile; productRef = FFC614362911EA9D00CE75E2 /* FirebaseDatabaseSwift */; };
		FFC614392911EA9D00CE75E2 /* FirebaseFirestore in Frameworks */ = {isa = PBXBuildFile; productRef = FFC614382911EA9D00CE75E2 /* FirebaseFirestore */; };
		FFC6143B2911EA9D00CE75E2 /* FirebaseFirestoreCombine-Community in Frameworks */ = {isa = PBXBuildFile; productRef = FFC6143A2911EA9D00CE75E2 /* FirebaseFirestoreCombine-Community */; };
		FFC6143D2911EA9D00CE75E2 /* FirebaseFirestoreSwift in Frameworks */ = {isa = PBXBuildFile; productRef = FFC6143C2911EA9D00CE75E2 /* FirebaseFirestoreSwift */; };
		FFC6143F2911EA9D00CE75E2 /* FirebaseFunctions in Frameworks */ = {isa = PBXBuildFile; productRef = FFC6143E2911EA9D00CE75E2 /* FirebaseFunctions */; };
		FFC614412911EA9D00CE75E2 /* FirebaseStorage in Frameworks */ = {isa = PBXBuildFile; productRef = FFC614402911EA9D00CE75E2 /* FirebaseStorage */; };
		FFC614432911EA9D00CE75E2 /* FirebaseStorageCombine-Community in Frameworks */ = {isa = PBXBuildFile; productRef = FFC614422911EA9D00CE75E2 /* FirebaseStorageCombine-Community */; };
		FFC614492911EB1A00CE75E2 /* .gitignore in Resources */ = {isa = PBXBuildFile; fileRef = FFC614482911EB1A00CE75E2 /* .gitignore */; };
		FFC6144B29129B4900CE75E2 /* TextHelper.swift in Sources */ = {isa = PBXBuildFile; fileRef = FFC6144A29129B4900CE75E2 /* TextHelper.swift */; };
		FFC6144D29129F2400CE75E2 /* AuthService.swift in Sources */ = {isa = PBXBuildFile; fileRef = FFC6144C29129F2400CE75E2 /* AuthService.swift */; };
		FFC6144F2912A35400CE75E2 /* VerifyPhoneNumber.swift in Sources */ = {isa = PBXBuildFile; fileRef = FFC6144E2912A35400CE75E2 /* VerifyPhoneNumber.swift */; };
		FFC614512912A36900CE75E2 /* OTPTextFieldView.swift in Sources */ = {isa = PBXBuildFile; fileRef = FFC614502912A36900CE75E2 /* OTPTextFieldView.swift */; };
		FFC614532912A3A200CE75E2 /* Extensions.swift in Sources */ = {isa = PBXBuildFile; fileRef = FFC614522912A3A200CE75E2 /* Extensions.swift */; };
		FFC614572912A56200CE75E2 /* AlertViewModel.swift in Sources */ = {isa = PBXBuildFile; fileRef = FFC614562912A56200CE75E2 /* AlertViewModel.swift */; };
		FFC6145D2912CC0300CE75E2 /* FirebaseService in Frameworks */ = {isa = PBXBuildFile; productRef = FFC6145C2912CC0300CE75E2 /* FirebaseService */; };
		FFC614602912D52400CE75E2 /* ActivityIndicatorView in Frameworks */ = {isa = PBXBuildFile; productRef = FFC6145F2912D52400CE75E2 /* ActivityIndicatorView */; };
		FFC614622912D55100CE75E2 /* Loading.swift in Sources */ = {isa = PBXBuildFile; fileRef = FFC614612912D55100CE75E2 /* Loading.swift */; };
		FFC614642912E06100CE75E2 /* GoogleService-Info.plist in Resources */ = {isa = PBXBuildFile; fileRef = FFC614632912E06100CE75E2 /* GoogleService-Info.plist */; };
		FFC6146629141AD200CE75E2 /* AppleSignIn.swift in Sources */ = {isa = PBXBuildFile; fileRef = FFC6146529141AD200CE75E2 /* AppleSignIn.swift */; };
		FFC614682914753700CE75E2 /* GoogleLogin.swift in Sources */ = {isa = PBXBuildFile; fileRef = FFC614672914753700CE75E2 /* GoogleLogin.swift */; };
		FFC6146B2914789400CE75E2 /* GoogleSignIn in Frameworks */ = {isa = PBXBuildFile; productRef = FFC6146A2914789400CE75E2 /* GoogleSignIn */; };
		FFC6348F29119803001711BC /* Inter-Black.ttf in Resources */ = {isa = PBXBuildFile; fileRef = FFC6348A29119802001711BC /* Inter-Black.ttf */; };
		FFC6349029119803001711BC /* Inter-Bold.ttf in Resources */ = {isa = PBXBuildFile; fileRef = FFC6348B29119803001711BC /* Inter-Bold.ttf */; };
		FFC6349129119803001711BC /* Inter-Medium.ttf in Resources */ = {isa = PBXBuildFile; fileRef = FFC6348C29119803001711BC /* Inter-Medium.ttf */; };
		FFC6349229119803001711BC /* Inter-SemiBold.ttf in Resources */ = {isa = PBXBuildFile; fileRef = FFC6348D29119803001711BC /* Inter-SemiBold.ttf */; };
		FFC6349329119803001711BC /* Inter-Regular.ttf in Resources */ = {isa = PBXBuildFile; fileRef = FFC6348E29119803001711BC /* Inter-Regular.ttf */; };
		FFC6349629119853001711BC /* TermsOfUse.swift in Sources */ = {isa = PBXBuildFile; fileRef = FFC6349529119853001711BC /* TermsOfUse.swift */; };
		FFCA5A2B2917D42100C91BEC /* AuthName.swift in Sources */ = {isa = PBXBuildFile; fileRef = FFCA5A2A2917D42100C91BEC /* AuthName.swift */; };
		FFCA5A2D2917E31900C91BEC /* RegistrationModel.swift in Sources */ = {isa = PBXBuildFile; fileRef = FFCA5A2C2917E31900C91BEC /* RegistrationModel.swift */; };
		FFCA5A2F2917E56800C91BEC /* AuthProgress.swift in Sources */ = {isa = PBXBuildFile; fileRef = FFCA5A2E2917E56800C91BEC /* AuthProgress.swift */; };
		FFCA5A312917E59900C91BEC /* AuthBirthday.swift in Sources */ = {isa = PBXBuildFile; fileRef = FFCA5A302917E59900C91BEC /* AuthBirthday.swift */; };
		FFCA5A332917E5D100C91BEC /* BirthdayFields.swift in Sources */ = {isa = PBXBuildFile; fileRef = FFCA5A322917E5D100C91BEC /* BirthdayFields.swift */; };
		FFCA5A352917E8FB00C91BEC /* AuthGenderPicker.swift in Sources */ = {isa = PBXBuildFile; fileRef = FFCA5A342917E8FB00C91BEC /* AuthGenderPicker.swift */; };
		FFCA5A3A29180E3600C91BEC /* ProfileImageBox.swift in Sources */ = {isa = PBXBuildFile; fileRef = FFCA5A3929180E3600C91BEC /* ProfileImageBox.swift */; };
		FFCA5A3C29180EDA00C91BEC /* AuthProfileImages.swift in Sources */ = {isa = PBXBuildFile; fileRef = FFCA5A3B29180EDA00C91BEC /* AuthProfileImages.swift */; };
		FFCA5A3E29180F3600C91BEC /* Gallery.swift in Sources */ = {isa = PBXBuildFile; fileRef = FFCA5A3D29180F3600C91BEC /* Gallery.swift */; };
		FFCA5A41291818A300C91BEC /* SDWebImageSwiftUI in Frameworks */ = {isa = PBXBuildFile; productRef = FFCA5A40291818A300C91BEC /* SDWebImageSwiftUI */; };
		FFCA5A43291818DC00C91BEC /* ImageHelper.swift in Sources */ = {isa = PBXBuildFile; fileRef = FFCA5A42291818DC00C91BEC /* ImageHelper.swift */; };
		FFCA5A462918289200C91BEC /* PromiseKit in Frameworks */ = {isa = PBXBuildFile; productRef = FFCA5A452918289200C91BEC /* PromiseKit */; };
		FFE33EDF291B33CA002053B7 /* SwipesService.swift in Sources */ = {isa = PBXBuildFile; fileRef = FFE33EDE291B33CA002053B7 /* SwipesService.swift */; };
		FFE33EE1291BE609002053B7 /* LocationManager.swift in Sources */ = {isa = PBXBuildFile; fileRef = FFE33EE0291BE609002053B7 /* LocationManager.swift */; };
		FFE33EE3291BFF3B002053B7 /* UserService.swift in Sources */ = {isa = PBXBuildFile; fileRef = FFE33EE2291BFF3B002053B7 /* UserService.swift */; };
		FFE33EE7291C4F9B002053B7 /* UserViewModel.swift in Sources */ = {isa = PBXBuildFile; fileRef = FFE33EE6291C4F9B002053B7 /* UserViewModel.swift */; };
		FFE33EE9291C5694002053B7 /* SwipeCardActionSheet.swift in Sources */ = {isa = PBXBuildFile; fileRef = FFE33EE8291C5694002053B7 /* SwipeCardActionSheet.swift */; };
/* End PBXBuildFile section */

/* Begin PBXContainerItemProxy section */
		FFB4D5B729118EE20065955F /* PBXContainerItemProxy */ = {
			isa = PBXContainerItemProxy;
			containerPortal = FFB4D59E29118EDE0065955F /* Project object */;
			proxyType = 1;
			remoteGlobalIDString = FFB4D5A529118EDE0065955F;
			remoteInfo = DatingChamber;
		};
		FFB4D5C129118EE20065955F /* PBXContainerItemProxy */ = {
			isa = PBXContainerItemProxy;
			containerPortal = FFB4D59E29118EDE0065955F /* Project object */;
			proxyType = 1;
			remoteGlobalIDString = FFB4D5A529118EDE0065955F;
			remoteInfo = DatingChamber;
		};
/* End PBXContainerItemProxy section */

/* Begin PBXFileReference section */
		142A78D566291CE0AB3297E9 /* Pods-DatingChamber.debug.xcconfig */ = {isa = PBXFileReference; includeInIndex = 1; lastKnownFileType = text.xcconfig; name = "Pods-DatingChamber.debug.xcconfig"; path = "Target Support Files/Pods-DatingChamber/Pods-DatingChamber.debug.xcconfig"; sourceTree = "<group>"; };
		49EFC70E342FEC061ADD1973 /* Pods-DatingChamber-DatingChamberUITests.release.xcconfig */ = {isa = PBXFileReference; includeInIndex = 1; lastKnownFileType = text.xcconfig; name = "Pods-DatingChamber-DatingChamberUITests.release.xcconfig"; path = "Target Support Files/Pods-DatingChamber-DatingChamberUITests/Pods-DatingChamber-DatingChamberUITests.release.xcconfig"; sourceTree = "<group>"; };
		583C8561B24CA2895C5E418A /* Pods_DatingChamberTests.framework */ = {isa = PBXFileReference; explicitFileType = wrapper.framework; includeInIndex = 0; path = Pods_DatingChamberTests.framework; sourceTree = BUILT_PRODUCTS_DIR; };
		67F38AE49E652FBA2932DFCC /* Pods_DatingChamber_DatingChamberUITests.framework */ = {isa = PBXFileReference; explicitFileType = wrapper.framework; includeInIndex = 0; path = Pods_DatingChamber_DatingChamberUITests.framework; sourceTree = BUILT_PRODUCTS_DIR; };
		6F6F4E60DAE2952BB44EC050 /* Pods-DatingChamberTests.release.xcconfig */ = {isa = PBXFileReference; includeInIndex = 1; lastKnownFileType = text.xcconfig; name = "Pods-DatingChamberTests.release.xcconfig"; path = "Target Support Files/Pods-DatingChamberTests/Pods-DatingChamberTests.release.xcconfig"; sourceTree = "<group>"; };
		8D32021C10C86B0735E5842C /* Pods_DatingChamber.framework */ = {isa = PBXFileReference; explicitFileType = wrapper.framework; includeInIndex = 0; path = Pods_DatingChamber.framework; sourceTree = BUILT_PRODUCTS_DIR; };
		D6E8BD76042C1A20844E4D94 /* Pods-DatingChamberTests.debug.xcconfig */ = {isa = PBXFileReference; includeInIndex = 1; lastKnownFileType = text.xcconfig; name = "Pods-DatingChamberTests.debug.xcconfig"; path = "Target Support Files/Pods-DatingChamberTests/Pods-DatingChamberTests.debug.xcconfig"; sourceTree = "<group>"; };
		DD86050C16EA11A3FD42B06B /* Pods-DatingChamber-DatingChamberUITests.debug.xcconfig */ = {isa = PBXFileReference; includeInIndex = 1; lastKnownFileType = text.xcconfig; name = "Pods-DatingChamber-DatingChamberUITests.debug.xcconfig"; path = "Target Support Files/Pods-DatingChamber-DatingChamberUITests/Pods-DatingChamber-DatingChamberUITests.debug.xcconfig"; sourceTree = "<group>"; };
		E4CC2631C05FE24E808DE19E /* Pods-DatingChamber.release.xcconfig */ = {isa = PBXFileReference; includeInIndex = 1; lastKnownFileType = text.xcconfig; name = "Pods-DatingChamber.release.xcconfig"; path = "Target Support Files/Pods-DatingChamber/Pods-DatingChamber.release.xcconfig"; sourceTree = "<group>"; };
		FF071622292D42810028B35D /* UserModel.swift */ = {isa = PBXFileReference; lastKnownFileType = sourcecode.swift; path = UserModel.swift; sourceTree = "<group>"; };
		FF071624292D436A0028B35D /* AccountViewModel.swift */ = {isa = PBXFileReference; lastKnownFileType = sourcecode.swift; path = AccountViewModel.swift; sourceTree = "<group>"; };
		FF071626292D45000028B35D /* AccountPreview.swift */ = {isa = PBXFileReference; lastKnownFileType = sourcecode.swift; path = AccountPreview.swift; sourceTree = "<group>"; };
		FF071628292D472C0028B35D /* ProfileImage.swift */ = {isa = PBXFileReference; lastKnownFileType = sourcecode.swift; path = ProfileImage.swift; sourceTree = "<group>"; };
		FF07162A292D47470028B35D /* EditAccount.swift */ = {isa = PBXFileReference; lastKnownFileType = sourcecode.swift; path = EditAccount.swift; sourceTree = "<group>"; };
		FF07162E292D4D5E0028B35D /* AccountName.swift */ = {isa = PBXFileReference; lastKnownFileType = sourcecode.swift; path = AccountName.swift; sourceTree = "<group>"; };
		FF071630292E3F4D0028B35D /* AccountSpecs.swift */ = {isa = PBXFileReference; lastKnownFileType = sourcecode.swift; path = AccountSpecs.swift; sourceTree = "<group>"; };
		FF071632292E40170028B35D /* EditAccountInnerView.swift */ = {isa = PBXFileReference; lastKnownFileType = sourcecode.swift; path = EditAccountInnerView.swift; sourceTree = "<group>"; };
		FF071634292E558E0028B35D /* EditInterests.swift */ = {isa = PBXFileReference; lastKnownFileType = sourcecode.swift; path = EditInterests.swift; sourceTree = "<group>"; };
		FF071636292E6E830028B35D /* EditBirthday.swift */ = {isa = PBXFileReference; lastKnownFileType = sourcecode.swift; path = EditBirthday.swift; sourceTree = "<group>"; };
		FF5F2074291A8C3F007E0E99 /* CustomTabView.swift */ = {isa = PBXFileReference; lastKnownFileType = sourcecode.swift; path = CustomTabView.swift; sourceTree = "<group>"; };
		FF5F2076291A8C8C007E0E99 /* TabViewModel.swift */ = {isa = PBXFileReference; lastKnownFileType = sourcecode.swift; path = TabViewModel.swift; sourceTree = "<group>"; };
		FF5F2078291A8DFE007E0E99 /* MainView.swift */ = {isa = PBXFileReference; lastKnownFileType = sourcecode.swift; path = MainView.swift; sourceTree = "<group>"; };
		FF5F207D291A90BB007E0E99 /* Account.swift */ = {isa = PBXFileReference; lastKnownFileType = sourcecode.swift; path = Account.swift; sourceTree = "<group>"; };
		FF5F207F291AADE7007E0E99 /* Swipes.swift */ = {isa = PBXFileReference; lastKnownFileType = sourcecode.swift; path = Swipes.swift; sourceTree = "<group>"; };
		FF5F2081291AADF1007E0E99 /* SwipeCard.swift */ = {isa = PBXFileReference; lastKnownFileType = sourcecode.swift; path = SwipeCard.swift; sourceTree = "<group>"; };
		FF5F2083291AAF38007E0E99 /* SwipeModel.swift */ = {isa = PBXFileReference; lastKnownFileType = sourcecode.swift; path = SwipeModel.swift; sourceTree = "<group>"; };
		FF5F2085291AB38B007E0E99 /* AppPreviewModel.swift */ = {isa = PBXFileReference; lastKnownFileType = sourcecode.swift; path = AppPreviewModel.swift; sourceTree = "<group>"; };
		FF5F2087291AB4A8007E0E99 /* ActionSheetButtonHelper.swift */ = {isa = PBXFileReference; lastKnownFileType = sourcecode.swift; path = ActionSheetButtonHelper.swift; sourceTree = "<group>"; };
		FF5F2089291AB4E7007E0E99 /* CustomActionSheet.swift */ = {isa = PBXFileReference; lastKnownFileType = sourcecode.swift; path = CustomActionSheet.swift; sourceTree = "<group>"; };
		FF5F208B291AB57C007E0E99 /* SwipeButtonHelper.swift */ = {isa = PBXFileReference; lastKnownFileType = sourcecode.swift; path = SwipeButtonHelper.swift; sourceTree = "<group>"; };
		FF5F208D291AC5B2007E0E99 /* SwipesViewModel.swift */ = {isa = PBXFileReference; lastKnownFileType = sourcecode.swift; path = SwipesViewModel.swift; sourceTree = "<group>"; };
		FF5F208F291AC81F007E0E99 /* SwipeOnlineAndVerified.swift */ = {isa = PBXFileReference; lastKnownFileType = sourcecode.swift; path = SwipeOnlineAndVerified.swift; sourceTree = "<group>"; };
		FF5F2094291ACCED007E0E99 /* Filter.swift */ = {isa = PBXFileReference; lastKnownFileType = sourcecode.swift; path = Filter.swift; sourceTree = "<group>"; };
		FF5F2096291ACD17007E0E99 /* AgeFilter.swift */ = {isa = PBXFileReference; lastKnownFileType = sourcecode.swift; path = AgeFilter.swift; sourceTree = "<group>"; };
		FF5F2098291ACDC4007E0E99 /* CustomSegmentPicker.swift */ = {isa = PBXFileReference; lastKnownFileType = sourcecode.swift; path = CustomSegmentPicker.swift; sourceTree = "<group>"; };
		FF5F209D291AE75C007E0E99 /* TagsViewHelper.swift */ = {isa = PBXFileReference; lastKnownFileType = sourcecode.swift; path = TagsViewHelper.swift; sourceTree = "<group>"; };
		FF5F209F291AEAC5007E0E99 /* AuthInterests.swift */ = {isa = PBXFileReference; lastKnownFileType = sourcecode.swift; path = AuthInterests.swift; sourceTree = "<group>"; };
		FFB4D5A629118EDE0065955F /* DatingChamber.app */ = {isa = PBXFileReference; explicitFileType = wrapper.application; includeInIndex = 0; path = DatingChamber.app; sourceTree = BUILT_PRODUCTS_DIR; };
		FFB4D5A929118EDE0065955F /* DatingChamberApp.swift */ = {isa = PBXFileReference; lastKnownFileType = sourcecode.swift; path = DatingChamberApp.swift; sourceTree = "<group>"; };
		FFB4D5AB29118EDE0065955F /* ContentView.swift */ = {isa = PBXFileReference; lastKnownFileType = sourcecode.swift; path = ContentView.swift; sourceTree = "<group>"; };
		FFB4D5AD29118EE10065955F /* Assets.xcassets */ = {isa = PBXFileReference; lastKnownFileType = folder.assetcatalog; path = Assets.xcassets; sourceTree = "<group>"; };
		FFB4D5B029118EE10065955F /* Preview Assets.xcassets */ = {isa = PBXFileReference; lastKnownFileType = folder.assetcatalog; path = "Preview Assets.xcassets"; sourceTree = "<group>"; };
		FFB4D5B629118EE20065955F /* DatingChamberTests.xctest */ = {isa = PBXFileReference; explicitFileType = wrapper.cfbundle; includeInIndex = 0; path = DatingChamberTests.xctest; sourceTree = BUILT_PRODUCTS_DIR; };
		FFB4D5BA29118EE20065955F /* DatingChamberTests.swift */ = {isa = PBXFileReference; lastKnownFileType = sourcecode.swift; path = DatingChamberTests.swift; sourceTree = "<group>"; };
		FFB4D5C029118EE20065955F /* DatingChamberUITests.xctest */ = {isa = PBXFileReference; explicitFileType = wrapper.cfbundle; includeInIndex = 0; path = DatingChamberUITests.xctest; sourceTree = BUILT_PRODUCTS_DIR; };
		FFB4D5C429118EE20065955F /* DatingChamberUITests.swift */ = {isa = PBXFileReference; lastKnownFileType = sourcecode.swift; path = DatingChamberUITests.swift; sourceTree = "<group>"; };
		FFB4D5C629118EE20065955F /* DatingChamberUITestsLaunchTests.swift */ = {isa = PBXFileReference; lastKnownFileType = sourcecode.swift; path = DatingChamberUITestsLaunchTests.swift; sourceTree = "<group>"; };
		FFB4D5D829118FB10065955F /* Introduction.swift */ = {isa = PBXFileReference; lastKnownFileType = sourcecode.swift; path = Introduction.swift; sourceTree = "<group>"; };
		FFB4D5DA29118FBE0065955F /* Authentication.swift */ = {isa = PBXFileReference; lastKnownFileType = sourcecode.swift; path = Authentication.swift; sourceTree = "<group>"; };
		FFB4D5DC291192150065955F /* AuthViewModel.swift */ = {isa = PBXFileReference; lastKnownFileType = sourcecode.swift; path = AuthViewModel.swift; sourceTree = "<group>"; };
		FFB4D5DE291192490065955F /* Credentials.swift */ = {isa = PBXFileReference; lastKnownFileType = sourcecode.swift; path = Credentials.swift; sourceTree = "<group>"; };
		FFB4D5E0291192EE0065955F /* ButtonHelper.swift */ = {isa = PBXFileReference; lastKnownFileType = sourcecode.swift; path = ButtonHelper.swift; sourceTree = "<group>"; };
		FFB4D5E2291193010065955F /* AppColors.swift */ = {isa = PBXFileReference; lastKnownFileType = sourcecode.swift; path = AppColors.swift; sourceTree = "<group>"; };
		FFB4D5E4291193B80065955F /* CountryCodeSelection.swift */ = {isa = PBXFileReference; lastKnownFileType = sourcecode.swift; path = CountryCodeSelection.swift; sourceTree = "<group>"; };
		FFB4D5E9291194AD0065955F /* en */ = {isa = PBXFileReference; lastKnownFileType = text.plist.strings; name = en; path = en.lproj/Localizable.strings; sourceTree = "<group>"; };
		FFB4D5EB291196860065955F /* Info.plist */ = {isa = PBXFileReference; lastKnownFileType = text.plist; path = Info.plist; sourceTree = "<group>"; };
		FFC614292911E8D700CE75E2 /* AppDelegate.swift */ = {isa = PBXFileReference; lastKnownFileType = sourcecode.swift; path = AppDelegate.swift; sourceTree = "<group>"; };
		FFC614482911EB1A00CE75E2 /* .gitignore */ = {isa = PBXFileReference; lastKnownFileType = text; path = .gitignore; sourceTree = "<group>"; };
		FFC6144A29129B4900CE75E2 /* TextHelper.swift */ = {isa = PBXFileReference; lastKnownFileType = sourcecode.swift; path = TextHelper.swift; sourceTree = "<group>"; };
		FFC6144C29129F2400CE75E2 /* AuthService.swift */ = {isa = PBXFileReference; lastKnownFileType = sourcecode.swift; path = AuthService.swift; sourceTree = "<group>"; };
		FFC6144E2912A35400CE75E2 /* VerifyPhoneNumber.swift */ = {isa = PBXFileReference; lastKnownFileType = sourcecode.swift; path = VerifyPhoneNumber.swift; sourceTree = "<group>"; };
		FFC614502912A36900CE75E2 /* OTPTextFieldView.swift */ = {isa = PBXFileReference; lastKnownFileType = sourcecode.swift; path = OTPTextFieldView.swift; sourceTree = "<group>"; };
		FFC614522912A3A200CE75E2 /* Extensions.swift */ = {isa = PBXFileReference; lastKnownFileType = sourcecode.swift; path = Extensions.swift; sourceTree = "<group>"; };
		FFC614562912A56200CE75E2 /* AlertViewModel.swift */ = {isa = PBXFileReference; lastKnownFileType = sourcecode.swift; path = AlertViewModel.swift; sourceTree = "<group>"; };
		FFC6145A2912B31800CE75E2 /* DatingChamber.entitlements */ = {isa = PBXFileReference; lastKnownFileType = text.plist.entitlements; path = DatingChamber.entitlements; sourceTree = "<group>"; };
		FFC614612912D55100CE75E2 /* Loading.swift */ = {isa = PBXFileReference; lastKnownFileType = sourcecode.swift; path = Loading.swift; sourceTree = "<group>"; };
		FFC614632912E06100CE75E2 /* GoogleService-Info.plist */ = {isa = PBXFileReference; fileEncoding = 4; lastKnownFileType = text.plist.xml; path = "GoogleService-Info.plist"; sourceTree = "<group>"; };
		FFC6146529141AD200CE75E2 /* AppleSignIn.swift */ = {isa = PBXFileReference; lastKnownFileType = sourcecode.swift; path = AppleSignIn.swift; sourceTree = "<group>"; };
		FFC614672914753700CE75E2 /* GoogleLogin.swift */ = {isa = PBXFileReference; lastKnownFileType = sourcecode.swift; path = GoogleLogin.swift; sourceTree = "<group>"; };
		FFC6348A29119802001711BC /* Inter-Black.ttf */ = {isa = PBXFileReference; lastKnownFileType = file; path = "Inter-Black.ttf"; sourceTree = "<group>"; };
		FFC6348B29119803001711BC /* Inter-Bold.ttf */ = {isa = PBXFileReference; lastKnownFileType = file; path = "Inter-Bold.ttf"; sourceTree = "<group>"; };
		FFC6348C29119803001711BC /* Inter-Medium.ttf */ = {isa = PBXFileReference; lastKnownFileType = file; path = "Inter-Medium.ttf"; sourceTree = "<group>"; };
		FFC6348D29119803001711BC /* Inter-SemiBold.ttf */ = {isa = PBXFileReference; lastKnownFileType = file; path = "Inter-SemiBold.ttf"; sourceTree = "<group>"; };
		FFC6348E29119803001711BC /* Inter-Regular.ttf */ = {isa = PBXFileReference; lastKnownFileType = file; path = "Inter-Regular.ttf"; sourceTree = "<group>"; };
		FFC6349529119853001711BC /* TermsOfUse.swift */ = {isa = PBXFileReference; lastKnownFileType = sourcecode.swift; path = TermsOfUse.swift; sourceTree = "<group>"; };
		FFCA5A2A2917D42100C91BEC /* AuthName.swift */ = {isa = PBXFileReference; lastKnownFileType = sourcecode.swift; path = AuthName.swift; sourceTree = "<group>"; };
		FFCA5A2C2917E31900C91BEC /* RegistrationModel.swift */ = {isa = PBXFileReference; lastKnownFileType = sourcecode.swift; path = RegistrationModel.swift; sourceTree = "<group>"; };
		FFCA5A2E2917E56800C91BEC /* AuthProgress.swift */ = {isa = PBXFileReference; lastKnownFileType = sourcecode.swift; path = AuthProgress.swift; sourceTree = "<group>"; };
		FFCA5A302917E59900C91BEC /* AuthBirthday.swift */ = {isa = PBXFileReference; lastKnownFileType = sourcecode.swift; path = AuthBirthday.swift; sourceTree = "<group>"; };
		FFCA5A322917E5D100C91BEC /* BirthdayFields.swift */ = {isa = PBXFileReference; lastKnownFileType = sourcecode.swift; path = BirthdayFields.swift; sourceTree = "<group>"; };
		FFCA5A342917E8FB00C91BEC /* AuthGenderPicker.swift */ = {isa = PBXFileReference; lastKnownFileType = sourcecode.swift; path = AuthGenderPicker.swift; sourceTree = "<group>"; };
		FFCA5A3929180E3600C91BEC /* ProfileImageBox.swift */ = {isa = PBXFileReference; lastKnownFileType = sourcecode.swift; path = ProfileImageBox.swift; sourceTree = "<group>"; };
		FFCA5A3B29180EDA00C91BEC /* AuthProfileImages.swift */ = {isa = PBXFileReference; lastKnownFileType = sourcecode.swift; path = AuthProfileImages.swift; sourceTree = "<group>"; };
		FFCA5A3D29180F3600C91BEC /* Gallery.swift */ = {isa = PBXFileReference; lastKnownFileType = sourcecode.swift; path = Gallery.swift; sourceTree = "<group>"; };
		FFCA5A42291818DC00C91BEC /* ImageHelper.swift */ = {isa = PBXFileReference; lastKnownFileType = sourcecode.swift; path = ImageHelper.swift; sourceTree = "<group>"; };
		FFE33EDE291B33CA002053B7 /* SwipesService.swift */ = {isa = PBXFileReference; lastKnownFileType = sourcecode.swift; path = SwipesService.swift; sourceTree = "<group>"; };
		FFE33EE0291BE609002053B7 /* LocationManager.swift */ = {isa = PBXFileReference; lastKnownFileType = sourcecode.swift; path = LocationManager.swift; sourceTree = "<group>"; };
		FFE33EE2291BFF3B002053B7 /* UserService.swift */ = {isa = PBXFileReference; lastKnownFileType = sourcecode.swift; path = UserService.swift; sourceTree = "<group>"; };
		FFE33EE6291C4F9B002053B7 /* UserViewModel.swift */ = {isa = PBXFileReference; lastKnownFileType = sourcecode.swift; path = UserViewModel.swift; sourceTree = "<group>"; };
		FFE33EE8291C5694002053B7 /* SwipeCardActionSheet.swift */ = {isa = PBXFileReference; lastKnownFileType = sourcecode.swift; path = SwipeCardActionSheet.swift; sourceTree = "<group>"; };
/* End PBXFileReference section */

/* Begin PBXFrameworksBuildPhase section */
		FFB4D5A329118EDE0065955F /* Frameworks */ = {
			isa = PBXFrameworksBuildPhase;
			buildActionMask = 2147483647;
			files = (
				FFC614372911EA9D00CE75E2 /* FirebaseDatabaseSwift in Frameworks */,
				FFC6143B2911EA9D00CE75E2 /* FirebaseFirestoreCombine-Community in Frameworks */,
				FFC614352911EA9D00CE75E2 /* FirebaseDatabase in Frameworks */,
				FF5F2093291ACCE2007E0E99 /* Sliders in Frameworks */,
				FFC6142F2911EA9D00CE75E2 /* FirebaseAnalyticsSwift in Frameworks */,
				FFCA5A41291818A300C91BEC /* SDWebImageSwiftUI in Frameworks */,
				FFC614332911EA9D00CE75E2 /* FirebaseCrashlytics in Frameworks */,
				FFC6146B2914789400CE75E2 /* GoogleSignIn in Frameworks */,
				FFC614312911EA9D00CE75E2 /* FirebaseAuth in Frameworks */,
				FFC6142D2911EA9D00CE75E2 /* FirebaseAnalytics in Frameworks */,
				FFC6143F2911EA9D00CE75E2 /* FirebaseFunctions in Frameworks */,
				FFC614412911EA9D00CE75E2 /* FirebaseStorage in Frameworks */,
				FFC6145D2912CC0300CE75E2 /* FirebaseService in Frameworks */,
				FFC614602912D52400CE75E2 /* ActivityIndicatorView in Frameworks */,
				FFC614392911EA9D00CE75E2 /* FirebaseFirestore in Frameworks */,
				FFCA5A462918289200C91BEC /* PromiseKit in Frameworks */,
				FFC614432911EA9D00CE75E2 /* FirebaseStorageCombine-Community in Frameworks */,
				FF5F209C291AE747007E0E99 /* TagLayoutView in Frameworks */,
				FFC6143D2911EA9D00CE75E2 /* FirebaseFirestoreSwift in Frameworks */,
				C8C018EA24F7D88B044EC4CD /* Pods_DatingChamber.framework in Frameworks */,
			);
			runOnlyForDeploymentPostprocessing = 0;
		};
		FFB4D5B329118EE20065955F /* Frameworks */ = {
			isa = PBXFrameworksBuildPhase;
			buildActionMask = 2147483647;
			files = (
				2FDF77821B312607ED85FABD /* Pods_DatingChamberTests.framework in Frameworks */,
			);
			runOnlyForDeploymentPostprocessing = 0;
		};
		FFB4D5BD29118EE20065955F /* Frameworks */ = {
			isa = PBXFrameworksBuildPhase;
			buildActionMask = 2147483647;
			files = (
				AC11603571AE24016913698E /* Pods_DatingChamber_DatingChamberUITests.framework in Frameworks */,
			);
			runOnlyForDeploymentPostprocessing = 0;
		};
/* End PBXFrameworksBuildPhase section */

/* Begin PBXGroup section */
		1079652EE24E025231084875 /* Pods */ = {
			isa = PBXGroup;
			children = (
				142A78D566291CE0AB3297E9 /* Pods-DatingChamber.debug.xcconfig */,
				E4CC2631C05FE24E808DE19E /* Pods-DatingChamber.release.xcconfig */,
				DD86050C16EA11A3FD42B06B /* Pods-DatingChamber-DatingChamberUITests.debug.xcconfig */,
				49EFC70E342FEC061ADD1973 /* Pods-DatingChamber-DatingChamberUITests.release.xcconfig */,
				D6E8BD76042C1A20844E4D94 /* Pods-DatingChamberTests.debug.xcconfig */,
				6F6F4E60DAE2952BB44EC050 /* Pods-DatingChamberTests.release.xcconfig */,
			);
			path = Pods;
			sourceTree = "<group>";
		};
		E5666CCBD15DD92B33B0D2EC /* Frameworks */ = {
			isa = PBXGroup;
			children = (
				8D32021C10C86B0735E5842C /* Pods_DatingChamber.framework */,
				67F38AE49E652FBA2932DFCC /* Pods_DatingChamber_DatingChamberUITests.framework */,
				583C8561B24CA2895C5E418A /* Pods_DatingChamberTests.framework */,
			);
			name = Frameworks;
			sourceTree = "<group>";
		};
		FF5F207A291A909E007E0E99 /* Account */ = {
			isa = PBXGroup;
			children = (
				FF5F207D291A90BB007E0E99 /* Account.swift */,
				FF071626292D45000028B35D /* AccountPreview.swift */,
				FF07162E292D4D5E0028B35D /* AccountName.swift */,
				FF071628292D472C0028B35D /* ProfileImage.swift */,
				FF07162A292D47470028B35D /* EditAccount.swift */,
				FF071632292E40170028B35D /* EditAccountInnerView.swift */,
				FF071630292E3F4D0028B35D /* AccountSpecs.swift */,
				FF071634292E558E0028B35D /* EditInterests.swift */,
				FF071636292E6E830028B35D /* EditBirthday.swift */,
			);
			path = Account;
			sourceTree = "<group>";
		};
		FF5F207B291A90A5007E0E99 /* Chat */ = {
			isa = PBXGroup;
			children = (
			);
			path = Chat;
			sourceTree = "<group>";
		};
		FF5F207C291A90AB007E0E99 /* Swipes */ = {
			isa = PBXGroup;
			children = (
				FF5F207F291AADE7007E0E99 /* Swipes.swift */,
				FF5F2081291AADF1007E0E99 /* SwipeCard.swift */,
				FF5F208F291AC81F007E0E99 /* SwipeOnlineAndVerified.swift */,
				FF5F2094291ACCED007E0E99 /* Filter.swift */,
				FF5F2096291ACD17007E0E99 /* AgeFilter.swift */,
				FF5F2098291ACDC4007E0E99 /* CustomSegmentPicker.swift */,
				FFE33EE8291C5694002053B7 /* SwipeCardActionSheet.swift */,
			);
			path = Swipes;
			sourceTree = "<group>";
		};
		FFB4D59D29118EDE0065955F = {
			isa = PBXGroup;
			children = (
				FFC614482911EB1A00CE75E2 /* .gitignore */,
				FFB4D5A829118EDE0065955F /* DatingChamber */,
				FFB4D5B929118EE20065955F /* DatingChamberTests */,
				FFB4D5C329118EE20065955F /* DatingChamberUITests */,
				FFB4D5A729118EDE0065955F /* Products */,
				1079652EE24E025231084875 /* Pods */,
				E5666CCBD15DD92B33B0D2EC /* Frameworks */,
			);
			sourceTree = "<group>";
		};
		FFB4D5A729118EDE0065955F /* Products */ = {
			isa = PBXGroup;
			children = (
				FFB4D5A629118EDE0065955F /* DatingChamber.app */,
				FFB4D5B629118EE20065955F /* DatingChamberTests.xctest */,
				FFB4D5C029118EE20065955F /* DatingChamberUITests.xctest */,
			);
			name = Products;
			sourceTree = "<group>";
		};
		FFB4D5A829118EDE0065955F /* DatingChamber */ = {
			isa = PBXGroup;
			children = (
				FFC6145A2912B31800CE75E2 /* DatingChamber.entitlements */,
				FFB4D5EB291196860065955F /* Info.plist */,
				FFB4D5D729118F740065955F /* Models */,
				FFB4D5D629118F6C0065955F /* Services */,
				FFB4D5D529118F660065955F /* ViewModels */,
				FFB4D5D429118F620065955F /* Views */,
				FFB4D5D329118F570065955F /* Utils */,
				FFB4D5A929118EDE0065955F /* DatingChamberApp.swift */,
				FFB4D5AB29118EDE0065955F /* ContentView.swift */,
				FFB4D5AD29118EE10065955F /* Assets.xcassets */,
				FFB4D5AF29118EE10065955F /* Preview Content */,
				FFB4D5DE291192490065955F /* Credentials.swift */,
				FFC614292911E8D700CE75E2 /* AppDelegate.swift */,
				FFC614632912E06100CE75E2 /* GoogleService-Info.plist */,
				FFB4D5EA291194AD0065955F /* Localizable.strings */,
				FFC63489291197F6001711BC /* font */,
			);
			path = DatingChamber;
			sourceTree = "<group>";
		};
		FFB4D5AF29118EE10065955F /* Preview Content */ = {
			isa = PBXGroup;
			children = (
				FFB4D5B029118EE10065955F /* Preview Assets.xcassets */,
			);
			path = "Preview Content";
			sourceTree = "<group>";
		};
		FFB4D5B929118EE20065955F /* DatingChamberTests */ = {
			isa = PBXGroup;
			children = (
				FFB4D5BA29118EE20065955F /* DatingChamberTests.swift */,
			);
			path = DatingChamberTests;
			sourceTree = "<group>";
		};
		FFB4D5C329118EE20065955F /* DatingChamberUITests */ = {
			isa = PBXGroup;
			children = (
				FFB4D5C429118EE20065955F /* DatingChamberUITests.swift */,
				FFB4D5C629118EE20065955F /* DatingChamberUITestsLaunchTests.swift */,
			);
			path = DatingChamberUITests;
			sourceTree = "<group>";
		};
		FFB4D5D329118F570065955F /* Utils */ = {
			isa = PBXGroup;
			children = (
				FFB4D5E0291192EE0065955F /* ButtonHelper.swift */,
				FFB4D5E2291193010065955F /* AppColors.swift */,
				FFC6144A29129B4900CE75E2 /* TextHelper.swift */,
				FFC614522912A3A200CE75E2 /* Extensions.swift */,
				FFC614612912D55100CE75E2 /* Loading.swift */,
				FFCA5A42291818DC00C91BEC /* ImageHelper.swift */,
				FF5F2085291AB38B007E0E99 /* AppPreviewModel.swift */,
				FF5F209D291AE75C007E0E99 /* TagsViewHelper.swift */,
			);
			path = Utils;
			sourceTree = "<group>";
		};
		FFB4D5D429118F620065955F /* Views */ = {
			isa = PBXGroup;
			children = (
				FF5F207C291A90AB007E0E99 /* Swipes */,
				FF5F207B291A90A5007E0E99 /* Chat */,
				FF5F207A291A909E007E0E99 /* Account */,
				FFC634942911983D001711BC /* Authentication */,
				FF5F2074291A8C3F007E0E99 /* CustomTabView.swift */,
				FF5F2078291A8DFE007E0E99 /* MainView.swift */,
				FF5F2087291AB4A8007E0E99 /* ActionSheetButtonHelper.swift */,
				FF5F2089291AB4E7007E0E99 /* CustomActionSheet.swift */,
				FF5F208B291AB57C007E0E99 /* SwipeButtonHelper.swift */,
			);
			path = Views;
			sourceTree = "<group>";
		};
		FFB4D5D529118F660065955F /* ViewModels */ = {
			isa = PBXGroup;
			children = (
				FFC614562912A56200CE75E2 /* AlertViewModel.swift */,
				FFB4D5DC291192150065955F /* AuthViewModel.swift */,
				FF5F2076291A8C8C007E0E99 /* TabViewModel.swift */,
				FF5F208D291AC5B2007E0E99 /* SwipesViewModel.swift */,
				FFE33EE0291BE609002053B7 /* LocationManager.swift */,
				FFE33EE6291C4F9B002053B7 /* UserViewModel.swift */,
				FF071624292D436A0028B35D /* AccountViewModel.swift */,
			);
			path = ViewModels;
			sourceTree = "<group>";
		};
		FFB4D5D629118F6C0065955F /* Services */ = {
			isa = PBXGroup;
			children = (
				FFC6144C29129F2400CE75E2 /* AuthService.swift */,
				FFE33EDE291B33CA002053B7 /* SwipesService.swift */,
				FFE33EE2291BFF3B002053B7 /* UserService.swift */,
			);
			path = Services;
			sourceTree = "<group>";
		};
		FFB4D5D729118F740065955F /* Models */ = {
			isa = PBXGroup;
			children = (
				FFCA5A2C2917E31900C91BEC /* RegistrationModel.swift */,
				FF5F2083291AAF38007E0E99 /* SwipeModel.swift */,
				FF071622292D42810028B35D /* UserModel.swift */,
			);
			path = Models;
			sourceTree = "<group>";
		};
		FFC63489291197F6001711BC /* font */ = {
			isa = PBXGroup;
			children = (
				FFC6348A29119802001711BC /* Inter-Black.ttf */,
				FFC6348B29119803001711BC /* Inter-Bold.ttf */,
				FFC6348C29119803001711BC /* Inter-Medium.ttf */,
				FFC6348E29119803001711BC /* Inter-Regular.ttf */,
				FFC6348D29119803001711BC /* Inter-SemiBold.ttf */,
			);
			path = font;
			sourceTree = "<group>";
		};
		FFC634942911983D001711BC /* Authentication */ = {
			isa = PBXGroup;
			children = (
				FFCA5A382918084600C91BEC /* AuthenticatingUserInfo */,
				FFB4D5E4291193B80065955F /* CountryCodeSelection.swift */,
				FFB4D5DA29118FBE0065955F /* Authentication.swift */,
				FFC6349529119853001711BC /* TermsOfUse.swift */,
				FFC6144E2912A35400CE75E2 /* VerifyPhoneNumber.swift */,
				FFC614502912A36900CE75E2 /* OTPTextFieldView.swift */,
				FFB4D5D829118FB10065955F /* Introduction.swift */,
				FFC6146529141AD200CE75E2 /* AppleSignIn.swift */,
				FFC614672914753700CE75E2 /* GoogleLogin.swift */,
			);
			path = Authentication;
			sourceTree = "<group>";
		};
		FFCA5A382918084600C91BEC /* AuthenticatingUserInfo */ = {
			isa = PBXGroup;
			children = (
				FFCA5A2A2917D42100C91BEC /* AuthName.swift */,
				FFCA5A302917E59900C91BEC /* AuthBirthday.swift */,
				FFCA5A322917E5D100C91BEC /* BirthdayFields.swift */,
				FFCA5A342917E8FB00C91BEC /* AuthGenderPicker.swift */,
				FF5F209F291AEAC5007E0E99 /* AuthInterests.swift */,
				FFCA5A3B29180EDA00C91BEC /* AuthProfileImages.swift */,
				FFCA5A3929180E3600C91BEC /* ProfileImageBox.swift */,
				FFCA5A3D29180F3600C91BEC /* Gallery.swift */,
				FFCA5A2E2917E56800C91BEC /* AuthProgress.swift */,
			);
			path = AuthenticatingUserInfo;
			sourceTree = "<group>";
		};
/* End PBXGroup section */

/* Begin PBXNativeTarget section */
		FFB4D5A529118EDE0065955F /* DatingChamber */ = {
			isa = PBXNativeTarget;
			buildConfigurationList = FFB4D5CA29118EE20065955F /* Build configuration list for PBXNativeTarget "DatingChamber" */;
			buildPhases = (
				A2168DB3AAD27F3A98F2601D /* [CP] Check Pods Manifest.lock */,
				FFB4D5A229118EDE0065955F /* Sources */,
				FFB4D5A329118EDE0065955F /* Frameworks */,
				FFB4D5A429118EDE0065955F /* Resources */,
				2186DF4D4982B82704401D9F /* [CP] Embed Pods Frameworks */,
			);
			buildRules = (
			);
			dependencies = (
			);
			name = DatingChamber;
			packageProductDependencies = (
				FFC6142C2911EA9D00CE75E2 /* FirebaseAnalytics */,
				FFC6142E2911EA9D00CE75E2 /* FirebaseAnalyticsSwift */,
				FFC614302911EA9D00CE75E2 /* FirebaseAuth */,
				FFC614322911EA9D00CE75E2 /* FirebaseCrashlytics */,
				FFC614342911EA9D00CE75E2 /* FirebaseDatabase */,
				FFC614362911EA9D00CE75E2 /* FirebaseDatabaseSwift */,
				FFC614382911EA9D00CE75E2 /* FirebaseFirestore */,
				FFC6143A2911EA9D00CE75E2 /* FirebaseFirestoreCombine-Community */,
				FFC6143C2911EA9D00CE75E2 /* FirebaseFirestoreSwift */,
				FFC6143E2911EA9D00CE75E2 /* FirebaseFunctions */,
				FFC614402911EA9D00CE75E2 /* FirebaseStorage */,
				FFC614422911EA9D00CE75E2 /* FirebaseStorageCombine-Community */,
				FFC6145C2912CC0300CE75E2 /* FirebaseService */,
				FFC6145F2912D52400CE75E2 /* ActivityIndicatorView */,
				FFC6146A2914789400CE75E2 /* GoogleSignIn */,
				FFCA5A40291818A300C91BEC /* SDWebImageSwiftUI */,
				FFCA5A452918289200C91BEC /* PromiseKit */,
				FF5F2092291ACCE2007E0E99 /* Sliders */,
				FF5F209B291AE747007E0E99 /* TagLayoutView */,
			);
			productName = DatingChamber;
			productReference = FFB4D5A629118EDE0065955F /* DatingChamber.app */;
			productType = "com.apple.product-type.application";
		};
		FFB4D5B529118EE20065955F /* DatingChamberTests */ = {
			isa = PBXNativeTarget;
			buildConfigurationList = FFB4D5CD29118EE20065955F /* Build configuration list for PBXNativeTarget "DatingChamberTests" */;
			buildPhases = (
				7996314D99429E830C7D91FA /* [CP] Check Pods Manifest.lock */,
				FFB4D5B229118EE20065955F /* Sources */,
				FFB4D5B329118EE20065955F /* Frameworks */,
				FFB4D5B429118EE20065955F /* Resources */,
			);
			buildRules = (
			);
			dependencies = (
				FFB4D5B829118EE20065955F /* PBXTargetDependency */,
			);
			name = DatingChamberTests;
			productName = DatingChamberTests;
			productReference = FFB4D5B629118EE20065955F /* DatingChamberTests.xctest */;
			productType = "com.apple.product-type.bundle.unit-test";
		};
		FFB4D5BF29118EE20065955F /* DatingChamberUITests */ = {
			isa = PBXNativeTarget;
			buildConfigurationList = FFB4D5D029118EE20065955F /* Build configuration list for PBXNativeTarget "DatingChamberUITests" */;
			buildPhases = (
				99383D7DE52FB5FBECF36ECE /* [CP] Check Pods Manifest.lock */,
				FFB4D5BC29118EE20065955F /* Sources */,
				FFB4D5BD29118EE20065955F /* Frameworks */,
				FFB4D5BE29118EE20065955F /* Resources */,
				666055A19895C0203D0EABA4 /* [CP] Embed Pods Frameworks */,
			);
			buildRules = (
			);
			dependencies = (
				FFB4D5C229118EE20065955F /* PBXTargetDependency */,
			);
			name = DatingChamberUITests;
			productName = DatingChamberUITests;
			productReference = FFB4D5C029118EE20065955F /* DatingChamberUITests.xctest */;
			productType = "com.apple.product-type.bundle.ui-testing";
		};
/* End PBXNativeTarget section */

/* Begin PBXProject section */
		FFB4D59E29118EDE0065955F /* Project object */ = {
			isa = PBXProject;
			attributes = {
				BuildIndependentTargetsInParallel = 1;
				LastSwiftUpdateCheck = 1400;
				LastUpgradeCheck = 1400;
				TargetAttributes = {
					FFB4D5A529118EDE0065955F = {
						CreatedOnToolsVersion = 14.0.1;
					};
					FFB4D5B529118EE20065955F = {
						CreatedOnToolsVersion = 14.0.1;
						TestTargetID = FFB4D5A529118EDE0065955F;
					};
					FFB4D5BF29118EE20065955F = {
						CreatedOnToolsVersion = 14.0.1;
						TestTargetID = FFB4D5A529118EDE0065955F;
					};
				};
			};
			buildConfigurationList = FFB4D5A129118EDE0065955F /* Build configuration list for PBXProject "DatingChamber" */;
			compatibilityVersion = "Xcode 13.0";
			developmentRegion = en;
			hasScannedForEncodings = 0;
			knownRegions = (
				en,
				Base,
			);
			mainGroup = FFB4D59D29118EDE0065955F;
			packageReferences = (
				FFC6142B2911EA9D00CE75E2 /* XCRemoteSwiftPackageReference "firebase-ios-sdk" */,
				FFC6145B2912CC0300CE75E2 /* XCRemoteSwiftPackageReference "FirebaseService" */,
				FFC6145E2912D52400CE75E2 /* XCRemoteSwiftPackageReference "ActivityIndicatorView" */,
				FFC614692914789400CE75E2 /* XCRemoteSwiftPackageReference "GoogleSignIn-iOS" */,
				FFCA5A3F291818A300C91BEC /* XCRemoteSwiftPackageReference "SDWebImageSwiftUI" */,
				FFCA5A442918289200C91BEC /* XCRemoteSwiftPackageReference "PromiseKit" */,
				FF5F2091291ACCE1007E0E99 /* XCRemoteSwiftPackageReference "swiftui-sliders" */,
				FF5F209A291AE747007E0E99 /* XCRemoteSwiftPackageReference "TagLayoutView" */,
			);
			productRefGroup = FFB4D5A729118EDE0065955F /* Products */;
			projectDirPath = "";
			projectRoot = "";
			targets = (
				FFB4D5A529118EDE0065955F /* DatingChamber */,
				FFB4D5B529118EE20065955F /* DatingChamberTests */,
				FFB4D5BF29118EE20065955F /* DatingChamberUITests */,
			);
		};
/* End PBXProject section */

/* Begin PBXResourcesBuildPhase section */
		FFB4D5A429118EDE0065955F /* Resources */ = {
			isa = PBXResourcesBuildPhase;
			buildActionMask = 2147483647;
			files = (
				FFC614492911EB1A00CE75E2 /* .gitignore in Resources */,
				FFB4D5B129118EE10065955F /* Preview Assets.xcassets in Resources */,
				FFC6349029119803001711BC /* Inter-Bold.ttf in Resources */,
				FFC6349129119803001711BC /* Inter-Medium.ttf in Resources */,
				FFB4D5E8291194AD0065955F /* Localizable.strings in Resources */,
				FFB4D5AE29118EE10065955F /* Assets.xcassets in Resources */,
				FFC6348F29119803001711BC /* Inter-Black.ttf in Resources */,
				FFC614642912E06100CE75E2 /* GoogleService-Info.plist in Resources */,
				FFC6349329119803001711BC /* Inter-Regular.ttf in Resources */,
				FFC6349229119803001711BC /* Inter-SemiBold.ttf in Resources */,
			);
			runOnlyForDeploymentPostprocessing = 0;
		};
		FFB4D5B429118EE20065955F /* Resources */ = {
			isa = PBXResourcesBuildPhase;
			buildActionMask = 2147483647;
			files = (
			);
			runOnlyForDeploymentPostprocessing = 0;
		};
		FFB4D5BE29118EE20065955F /* Resources */ = {
			isa = PBXResourcesBuildPhase;
			buildActionMask = 2147483647;
			files = (
			);
			runOnlyForDeploymentPostprocessing = 0;
		};
/* End PBXResourcesBuildPhase section */

/* Begin PBXShellScriptBuildPhase section */
		2186DF4D4982B82704401D9F /* [CP] Embed Pods Frameworks */ = {
			isa = PBXShellScriptBuildPhase;
			buildActionMask = 2147483647;
			files = (
			);
			inputFileListPaths = (
				"${PODS_ROOT}/Target Support Files/Pods-DatingChamber/Pods-DatingChamber-frameworks-${CONFIGURATION}-input-files.xcfilelist",
			);
			name = "[CP] Embed Pods Frameworks";
			outputFileListPaths = (
				"${PODS_ROOT}/Target Support Files/Pods-DatingChamber/Pods-DatingChamber-frameworks-${CONFIGURATION}-output-files.xcfilelist",
			);
			runOnlyForDeploymentPostprocessing = 0;
			shellPath = /bin/sh;
			shellScript = "\"${PODS_ROOT}/Target Support Files/Pods-DatingChamber/Pods-DatingChamber-frameworks.sh\"\n";
			showEnvVarsInLog = 0;
		};
		666055A19895C0203D0EABA4 /* [CP] Embed Pods Frameworks */ = {
			isa = PBXShellScriptBuildPhase;
			buildActionMask = 2147483647;
			files = (
			);
			inputFileListPaths = (
				"${PODS_ROOT}/Target Support Files/Pods-DatingChamber-DatingChamberUITests/Pods-DatingChamber-DatingChamberUITests-frameworks-${CONFIGURATION}-input-files.xcfilelist",
			);
			name = "[CP] Embed Pods Frameworks";
			outputFileListPaths = (
				"${PODS_ROOT}/Target Support Files/Pods-DatingChamber-DatingChamberUITests/Pods-DatingChamber-DatingChamberUITests-frameworks-${CONFIGURATION}-output-files.xcfilelist",
			);
			runOnlyForDeploymentPostprocessing = 0;
			shellPath = /bin/sh;
			shellScript = "\"${PODS_ROOT}/Target Support Files/Pods-DatingChamber-DatingChamberUITests/Pods-DatingChamber-DatingChamberUITests-frameworks.sh\"\n";
			showEnvVarsInLog = 0;
		};
		7996314D99429E830C7D91FA /* [CP] Check Pods Manifest.lock */ = {
			isa = PBXShellScriptBuildPhase;
			buildActionMask = 2147483647;
			files = (
			);
			inputFileListPaths = (
			);
			inputPaths = (
				"${PODS_PODFILE_DIR_PATH}/Podfile.lock",
				"${PODS_ROOT}/Manifest.lock",
			);
			name = "[CP] Check Pods Manifest.lock";
			outputFileListPaths = (
			);
			outputPaths = (
				"$(DERIVED_FILE_DIR)/Pods-DatingChamberTests-checkManifestLockResult.txt",
			);
			runOnlyForDeploymentPostprocessing = 0;
			shellPath = /bin/sh;
			shellScript = "diff \"${PODS_PODFILE_DIR_PATH}/Podfile.lock\" \"${PODS_ROOT}/Manifest.lock\" > /dev/null\nif [ $? != 0 ] ; then\n    # print error to STDERR\n    echo \"error: The sandbox is not in sync with the Podfile.lock. Run 'pod install' or update your CocoaPods installation.\" >&2\n    exit 1\nfi\n# This output is used by Xcode 'outputs' to avoid re-running this script phase.\necho \"SUCCESS\" > \"${SCRIPT_OUTPUT_FILE_0}\"\n";
			showEnvVarsInLog = 0;
		};
		99383D7DE52FB5FBECF36ECE /* [CP] Check Pods Manifest.lock */ = {
			isa = PBXShellScriptBuildPhase;
			buildActionMask = 2147483647;
			files = (
			);
			inputFileListPaths = (
			);
			inputPaths = (
				"${PODS_PODFILE_DIR_PATH}/Podfile.lock",
				"${PODS_ROOT}/Manifest.lock",
			);
			name = "[CP] Check Pods Manifest.lock";
			outputFileListPaths = (
			);
			outputPaths = (
				"$(DERIVED_FILE_DIR)/Pods-DatingChamber-DatingChamberUITests-checkManifestLockResult.txt",
			);
			runOnlyForDeploymentPostprocessing = 0;
			shellPath = /bin/sh;
			shellScript = "diff \"${PODS_PODFILE_DIR_PATH}/Podfile.lock\" \"${PODS_ROOT}/Manifest.lock\" > /dev/null\nif [ $? != 0 ] ; then\n    # print error to STDERR\n    echo \"error: The sandbox is not in sync with the Podfile.lock. Run 'pod install' or update your CocoaPods installation.\" >&2\n    exit 1\nfi\n# This output is used by Xcode 'outputs' to avoid re-running this script phase.\necho \"SUCCESS\" > \"${SCRIPT_OUTPUT_FILE_0}\"\n";
			showEnvVarsInLog = 0;
		};
		A2168DB3AAD27F3A98F2601D /* [CP] Check Pods Manifest.lock */ = {
			isa = PBXShellScriptBuildPhase;
			buildActionMask = 2147483647;
			files = (
			);
			inputFileListPaths = (
			);
			inputPaths = (
				"${PODS_PODFILE_DIR_PATH}/Podfile.lock",
				"${PODS_ROOT}/Manifest.lock",
			);
			name = "[CP] Check Pods Manifest.lock";
			outputFileListPaths = (
			);
			outputPaths = (
				"$(DERIVED_FILE_DIR)/Pods-DatingChamber-checkManifestLockResult.txt",
			);
			runOnlyForDeploymentPostprocessing = 0;
			shellPath = /bin/sh;
			shellScript = "diff \"${PODS_PODFILE_DIR_PATH}/Podfile.lock\" \"${PODS_ROOT}/Manifest.lock\" > /dev/null\nif [ $? != 0 ] ; then\n    # print error to STDERR\n    echo \"error: The sandbox is not in sync with the Podfile.lock. Run 'pod install' or update your CocoaPods installation.\" >&2\n    exit 1\nfi\n# This output is used by Xcode 'outputs' to avoid re-running this script phase.\necho \"SUCCESS\" > \"${SCRIPT_OUTPUT_FILE_0}\"\n";
			showEnvVarsInLog = 0;
		};
/* End PBXShellScriptBuildPhase section */

/* Begin PBXSourcesBuildPhase section */
		FFB4D5A229118EDE0065955F /* Sources */ = {
			isa = PBXSourcesBuildPhase;
			buildActionMask = 2147483647;
			files = (
				FFC6146629141AD200CE75E2 /* AppleSignIn.swift in Sources */,
				FF5F2090291AC81F007E0E99 /* SwipeOnlineAndVerified.swift in Sources */,
				FF07162F292D4D5E0028B35D /* AccountName.swift in Sources */,
				FFE33EE1291BE609002053B7 /* LocationManager.swift in Sources */,
				FFCA5A2F2917E56800C91BEC /* AuthProgress.swift in Sources */,
				FFC614512912A36900CE75E2 /* OTPTextFieldView.swift in Sources */,
				FFE33EE9291C5694002053B7 /* SwipeCardActionSheet.swift in Sources */,
				FFCA5A2D2917E31900C91BEC /* RegistrationModel.swift in Sources */,
				FFC6142A2911E8D700CE75E2 /* AppDelegate.swift in Sources */,
				FF5F2080291AADE7007E0E99 /* Swipes.swift in Sources */,
				FFB4D5DF291192490065955F /* Credentials.swift in Sources */,
				FFE33EE7291C4F9B002053B7 /* UserViewModel.swift in Sources */,
				FF5F2077291A8C8C007E0E99 /* TabViewModel.swift in Sources */,
				FFB4D5DD291192150065955F /* AuthViewModel.swift in Sources */,
				FF071637292E6E830028B35D /* EditBirthday.swift in Sources */,
				FFC6349629119853001711BC /* TermsOfUse.swift in Sources */,
				FF5F2088291AB4A8007E0E99 /* ActionSheetButtonHelper.swift in Sources */,
				FFCA5A3A29180E3600C91BEC /* ProfileImageBox.swift in Sources */,
				FF071625292D436A0028B35D /* AccountViewModel.swift in Sources */,
				FF071623292D42810028B35D /* UserModel.swift in Sources */,
				FF5F2079291A8DFE007E0E99 /* MainView.swift in Sources */,
				FFCA5A2B2917D42100C91BEC /* AuthName.swift in Sources */,
				FF5F2095291ACCED007E0E99 /* Filter.swift in Sources */,
				FFC614682914753700CE75E2 /* GoogleLogin.swift in Sources */,
				FF5F20A0291AEAC5007E0E99 /* AuthInterests.swift in Sources */,
				FFC6144B29129B4900CE75E2 /* TextHelper.swift in Sources */,
				FFB4D5E5291193B80065955F /* CountryCodeSelection.swift in Sources */,
				FF5F208E291AC5B2007E0E99 /* SwipesViewModel.swift in Sources */,
				FF5F209E291AE75C007E0E99 /* TagsViewHelper.swift in Sources */,
				FFE33EE3291BFF3B002053B7 /* UserService.swift in Sources */,
				FF5F208C291AB57C007E0E99 /* SwipeButtonHelper.swift in Sources */,
				FFCA5A332917E5D100C91BEC /* BirthdayFields.swift in Sources */,
				FF071627292D45000028B35D /* AccountPreview.swift in Sources */,
				FFC6144D29129F2400CE75E2 /* AuthService.swift in Sources */,
				FF5F2086291AB38B007E0E99 /* AppPreviewModel.swift in Sources */,
				FFCA5A3E29180F3600C91BEC /* Gallery.swift in Sources */,
				FFB4D5AC29118EDE0065955F /* ContentView.swift in Sources */,
				FF5F207E291A90BB007E0E99 /* Account.swift in Sources */,
				FFCA5A312917E59900C91BEC /* AuthBirthday.swift in Sources */,
				FF5F2099291ACDC4007E0E99 /* CustomSegmentPicker.swift in Sources */,
				FF5F2097291ACD17007E0E99 /* AgeFilter.swift in Sources */,
				FFB4D5D929118FB10065955F /* Introduction.swift in Sources */,
				FFC614622912D55100CE75E2 /* Loading.swift in Sources */,
				FFCA5A352917E8FB00C91BEC /* AuthGenderPicker.swift in Sources */,
				FFB4D5AA29118EDE0065955F /* DatingChamberApp.swift in Sources */,
				FFC614572912A56200CE75E2 /* AlertViewModel.swift in Sources */,
				FF5F2084291AAF39007E0E99 /* SwipeModel.swift in Sources */,
				FF07162B292D47470028B35D /* EditAccount.swift in Sources */,
				FFC614532912A3A200CE75E2 /* Extensions.swift in Sources */,
				FFC6144F2912A35400CE75E2 /* VerifyPhoneNumber.swift in Sources */,
				FFCA5A43291818DC00C91BEC /* ImageHelper.swift in Sources */,
				FF5F2075291A8C3F007E0E99 /* CustomTabView.swift in Sources */,
				FF071629292D472C0028B35D /* ProfileImage.swift in Sources */,
				FF071633292E40170028B35D /* EditAccountInnerView.swift in Sources */,
				FF5F2082291AADF1007E0E99 /* SwipeCard.swift in Sources */,
				FF071631292E3F4D0028B35D /* AccountSpecs.swift in Sources */,
				FFB4D5E3291193010065955F /* AppColors.swift in Sources */,
				FFB4D5DB29118FBE0065955F /* Authentication.swift in Sources */,
				FF071635292E558F0028B35D /* EditInterests.swift in Sources */,
				FFB4D5E1291192EE0065955F /* ButtonHelper.swift in Sources */,
				FFE33EDF291B33CA002053B7 /* SwipesService.swift in Sources */,
				FF5F208A291AB4E7007E0E99 /* CustomActionSheet.swift in Sources */,
				FFCA5A3C29180EDA00C91BEC /* AuthProfileImages.swift in Sources */,
			);
			runOnlyForDeploymentPostprocessing = 0;
		};
		FFB4D5B229118EE20065955F /* Sources */ = {
			isa = PBXSourcesBuildPhase;
			buildActionMask = 2147483647;
			files = (
				FFB4D5BB29118EE20065955F /* DatingChamberTests.swift in Sources */,
			);
			runOnlyForDeploymentPostprocessing = 0;
		};
		FFB4D5BC29118EE20065955F /* Sources */ = {
			isa = PBXSourcesBuildPhase;
			buildActionMask = 2147483647;
			files = (
				FFB4D5C729118EE20065955F /* DatingChamberUITestsLaunchTests.swift in Sources */,
				FFB4D5C529118EE20065955F /* DatingChamberUITests.swift in Sources */,
			);
			runOnlyForDeploymentPostprocessing = 0;
		};
/* End PBXSourcesBuildPhase section */

/* Begin PBXTargetDependency section */
		FFB4D5B829118EE20065955F /* PBXTargetDependency */ = {
			isa = PBXTargetDependency;
			target = FFB4D5A529118EDE0065955F /* DatingChamber */;
			targetProxy = FFB4D5B729118EE20065955F /* PBXContainerItemProxy */;
		};
		FFB4D5C229118EE20065955F /* PBXTargetDependency */ = {
			isa = PBXTargetDependency;
			target = FFB4D5A529118EDE0065955F /* DatingChamber */;
			targetProxy = FFB4D5C129118EE20065955F /* PBXContainerItemProxy */;
		};
/* End PBXTargetDependency section */

/* Begin PBXVariantGroup section */
		FFB4D5EA291194AD0065955F /* Localizable.strings */ = {
			isa = PBXVariantGroup;
			children = (
				FFB4D5E9291194AD0065955F /* en */,
			);
			name = Localizable.strings;
			sourceTree = "<group>";
		};
/* End PBXVariantGroup section */

/* Begin XCBuildConfiguration section */
		FFB4D5C829118EE20065955F /* Debug */ = {
			isa = XCBuildConfiguration;
			buildSettings = {
				ALWAYS_SEARCH_USER_PATHS = NO;
				CLANG_ANALYZER_NONNULL = YES;
				CLANG_ANALYZER_NUMBER_OBJECT_CONVERSION = YES_AGGRESSIVE;
				CLANG_CXX_LANGUAGE_STANDARD = "gnu++20";
				CLANG_ENABLE_MODULES = YES;
				CLANG_ENABLE_OBJC_ARC = YES;
				CLANG_ENABLE_OBJC_WEAK = YES;
				CLANG_WARN_BLOCK_CAPTURE_AUTORELEASING = YES;
				CLANG_WARN_BOOL_CONVERSION = YES;
				CLANG_WARN_COMMA = YES;
				CLANG_WARN_CONSTANT_CONVERSION = YES;
				CLANG_WARN_DEPRECATED_OBJC_IMPLEMENTATIONS = YES;
				CLANG_WARN_DIRECT_OBJC_ISA_USAGE = YES_ERROR;
				CLANG_WARN_DOCUMENTATION_COMMENTS = YES;
				CLANG_WARN_EMPTY_BODY = YES;
				CLANG_WARN_ENUM_CONVERSION = YES;
				CLANG_WARN_INFINITE_RECURSION = YES;
				CLANG_WARN_INT_CONVERSION = YES;
				CLANG_WARN_NON_LITERAL_NULL_CONVERSION = YES;
				CLANG_WARN_OBJC_IMPLICIT_RETAIN_SELF = YES;
				CLANG_WARN_OBJC_LITERAL_CONVERSION = YES;
				CLANG_WARN_OBJC_ROOT_CLASS = YES_ERROR;
				CLANG_WARN_QUOTED_INCLUDE_IN_FRAMEWORK_HEADER = YES;
				CLANG_WARN_RANGE_LOOP_ANALYSIS = YES;
				CLANG_WARN_STRICT_PROTOTYPES = YES;
				CLANG_WARN_SUSPICIOUS_MOVE = YES;
				CLANG_WARN_UNGUARDED_AVAILABILITY = YES_AGGRESSIVE;
				CLANG_WARN_UNREACHABLE_CODE = YES;
				CLANG_WARN__DUPLICATE_METHOD_MATCH = YES;
				COPY_PHASE_STRIP = NO;
				DEBUG_INFORMATION_FORMAT = dwarf;
				ENABLE_STRICT_OBJC_MSGSEND = YES;
				ENABLE_TESTABILITY = YES;
				GCC_C_LANGUAGE_STANDARD = gnu11;
				GCC_DYNAMIC_NO_PIC = NO;
				GCC_NO_COMMON_BLOCKS = YES;
				GCC_OPTIMIZATION_LEVEL = 0;
				GCC_PREPROCESSOR_DEFINITIONS = (
					"DEBUG=1",
					"$(inherited)",
				);
				GCC_WARN_64_TO_32_BIT_CONVERSION = YES;
				GCC_WARN_ABOUT_RETURN_TYPE = YES_ERROR;
				GCC_WARN_UNDECLARED_SELECTOR = YES;
				GCC_WARN_UNINITIALIZED_AUTOS = YES_AGGRESSIVE;
				GCC_WARN_UNUSED_FUNCTION = YES;
				GCC_WARN_UNUSED_VARIABLE = YES;
				IPHONEOS_DEPLOYMENT_TARGET = 16.0;
				MTL_ENABLE_DEBUG_INFO = INCLUDE_SOURCE;
				MTL_FAST_MATH = YES;
				ONLY_ACTIVE_ARCH = YES;
				SDKROOT = iphoneos;
				SWIFT_ACTIVE_COMPILATION_CONDITIONS = DEBUG;
				SWIFT_OPTIMIZATION_LEVEL = "-Onone";
			};
			name = Debug;
		};
		FFB4D5C929118EE20065955F /* Release */ = {
			isa = XCBuildConfiguration;
			buildSettings = {
				ALWAYS_SEARCH_USER_PATHS = NO;
				CLANG_ANALYZER_NONNULL = YES;
				CLANG_ANALYZER_NUMBER_OBJECT_CONVERSION = YES_AGGRESSIVE;
				CLANG_CXX_LANGUAGE_STANDARD = "gnu++20";
				CLANG_ENABLE_MODULES = YES;
				CLANG_ENABLE_OBJC_ARC = YES;
				CLANG_ENABLE_OBJC_WEAK = YES;
				CLANG_WARN_BLOCK_CAPTURE_AUTORELEASING = YES;
				CLANG_WARN_BOOL_CONVERSION = YES;
				CLANG_WARN_COMMA = YES;
				CLANG_WARN_CONSTANT_CONVERSION = YES;
				CLANG_WARN_DEPRECATED_OBJC_IMPLEMENTATIONS = YES;
				CLANG_WARN_DIRECT_OBJC_ISA_USAGE = YES_ERROR;
				CLANG_WARN_DOCUMENTATION_COMMENTS = YES;
				CLANG_WARN_EMPTY_BODY = YES;
				CLANG_WARN_ENUM_CONVERSION = YES;
				CLANG_WARN_INFINITE_RECURSION = YES;
				CLANG_WARN_INT_CONVERSION = YES;
				CLANG_WARN_NON_LITERAL_NULL_CONVERSION = YES;
				CLANG_WARN_OBJC_IMPLICIT_RETAIN_SELF = YES;
				CLANG_WARN_OBJC_LITERAL_CONVERSION = YES;
				CLANG_WARN_OBJC_ROOT_CLASS = YES_ERROR;
				CLANG_WARN_QUOTED_INCLUDE_IN_FRAMEWORK_HEADER = YES;
				CLANG_WARN_RANGE_LOOP_ANALYSIS = YES;
				CLANG_WARN_STRICT_PROTOTYPES = YES;
				CLANG_WARN_SUSPICIOUS_MOVE = YES;
				CLANG_WARN_UNGUARDED_AVAILABILITY = YES_AGGRESSIVE;
				CLANG_WARN_UNREACHABLE_CODE = YES;
				CLANG_WARN__DUPLICATE_METHOD_MATCH = YES;
				COPY_PHASE_STRIP = NO;
				DEBUG_INFORMATION_FORMAT = "dwarf-with-dsym";
				ENABLE_NS_ASSERTIONS = NO;
				ENABLE_STRICT_OBJC_MSGSEND = YES;
				GCC_C_LANGUAGE_STANDARD = gnu11;
				GCC_NO_COMMON_BLOCKS = YES;
				GCC_WARN_64_TO_32_BIT_CONVERSION = YES;
				GCC_WARN_ABOUT_RETURN_TYPE = YES_ERROR;
				GCC_WARN_UNDECLARED_SELECTOR = YES;
				GCC_WARN_UNINITIALIZED_AUTOS = YES_AGGRESSIVE;
				GCC_WARN_UNUSED_FUNCTION = YES;
				GCC_WARN_UNUSED_VARIABLE = YES;
				IPHONEOS_DEPLOYMENT_TARGET = 16.0;
				MTL_ENABLE_DEBUG_INFO = NO;
				MTL_FAST_MATH = YES;
				SDKROOT = iphoneos;
				SWIFT_COMPILATION_MODE = wholemodule;
				SWIFT_OPTIMIZATION_LEVEL = "-O";
				VALIDATE_PRODUCT = YES;
			};
			name = Release;
		};
		FFB4D5CB29118EE20065955F /* Debug */ = {
			isa = XCBuildConfiguration;
			baseConfigurationReference = 142A78D566291CE0AB3297E9 /* Pods-DatingChamber.debug.xcconfig */;
			buildSettings = {
				ASSETCATALOG_COMPILER_APPICON_NAME = AppIcon;
				ASSETCATALOG_COMPILER_GLOBAL_ACCENT_COLOR_NAME = AccentColor;
				CODE_SIGN_ENTITLEMENTS = DatingChamber/DatingChamber.entitlements;
				CODE_SIGN_STYLE = Automatic;
				CURRENT_PROJECT_VERSION = 1;
				DEVELOPMENT_ASSET_PATHS = "\"DatingChamber/Preview Content\"";
				DEVELOPMENT_TEAM = PAUM7SK7SC;
				ENABLE_PREVIEWS = YES;
				GENERATE_INFOPLIST_FILE = YES;
				INFOPLIST_FILE = DatingChamber/Info.plist;
				INFOPLIST_KEY_CFBundleDisplayName = "Dating Chamber";
				INFOPLIST_KEY_LSApplicationCategoryType = "public.app-category.social-networking";
				INFOPLIST_KEY_UIApplicationSceneManifest_Generation = YES;
				INFOPLIST_KEY_UIApplicationSupportsIndirectInputEvents = YES;
				INFOPLIST_KEY_UILaunchScreen_Generation = YES;
				INFOPLIST_KEY_UIRequiresFullScreen = YES;
				INFOPLIST_KEY_UISupportedInterfaceOrientations = UIInterfaceOrientationPortrait;
				INFOPLIST_KEY_UIUserInterfaceStyle = Light;
				LD_RUNPATH_SEARCH_PATHS = (
					"$(inherited)",
					"@executable_path/Frameworks",
				);
				MARKETING_VERSION = 1.0;
				PRODUCT_BUNDLE_IDENTIFIER = "com.xpn-development.dating.DatingChamber";
				PRODUCT_NAME = "$(TARGET_NAME)";
				SWIFT_EMIT_LOC_STRINGS = YES;
				SWIFT_VERSION = 5.0;
				TARGETED_DEVICE_FAMILY = "1,2";
			};
			name = Debug;
		};
		FFB4D5CC29118EE20065955F /* Release */ = {
			isa = XCBuildConfiguration;
			baseConfigurationReference = E4CC2631C05FE24E808DE19E /* Pods-DatingChamber.release.xcconfig */;
			buildSettings = {
				ASSETCATALOG_COMPILER_APPICON_NAME = AppIcon;
				ASSETCATALOG_COMPILER_GLOBAL_ACCENT_COLOR_NAME = AccentColor;
				CODE_SIGN_ENTITLEMENTS = DatingChamber/DatingChamber.entitlements;
				CODE_SIGN_STYLE = Automatic;
				CURRENT_PROJECT_VERSION = 1;
				DEVELOPMENT_ASSET_PATHS = "\"DatingChamber/Preview Content\"";
				DEVELOPMENT_TEAM = PAUM7SK7SC;
				ENABLE_PREVIEWS = YES;
				GENERATE_INFOPLIST_FILE = YES;
				INFOPLIST_FILE = DatingChamber/Info.plist;
				INFOPLIST_KEY_CFBundleDisplayName = "Dating Chamber";
				INFOPLIST_KEY_LSApplicationCategoryType = "public.app-category.social-networking";
				INFOPLIST_KEY_UIApplicationSceneManifest_Generation = YES;
				INFOPLIST_KEY_UIApplicationSupportsIndirectInputEvents = YES;
				INFOPLIST_KEY_UILaunchScreen_Generation = YES;
				INFOPLIST_KEY_UIRequiresFullScreen = YES;
				INFOPLIST_KEY_UISupportedInterfaceOrientations = UIInterfaceOrientationPortrait;
				INFOPLIST_KEY_UIUserInterfaceStyle = Light;
				LD_RUNPATH_SEARCH_PATHS = (
					"$(inherited)",
					"@executable_path/Frameworks",
				);
				MARKETING_VERSION = 1.0;
				PRODUCT_BUNDLE_IDENTIFIER = "com.xpn-development.dating.DatingChamber";
				PRODUCT_NAME = "$(TARGET_NAME)";
				SWIFT_EMIT_LOC_STRINGS = YES;
				SWIFT_VERSION = 5.0;
				TARGETED_DEVICE_FAMILY = "1,2";
			};
			name = Release;
		};
		FFB4D5CE29118EE20065955F /* Debug */ = {
			isa = XCBuildConfiguration;
			baseConfigurationReference = D6E8BD76042C1A20844E4D94 /* Pods-DatingChamberTests.debug.xcconfig */;
			buildSettings = {
				ALWAYS_EMBED_SWIFT_STANDARD_LIBRARIES = YES;
				BUNDLE_LOADER = "$(TEST_HOST)";
				CODE_SIGN_STYLE = Automatic;
				CURRENT_PROJECT_VERSION = 1;
				DEVELOPMENT_TEAM = SH2JVKZG3B;
				GENERATE_INFOPLIST_FILE = YES;
				IPHONEOS_DEPLOYMENT_TARGET = 16.0;
				MARKETING_VERSION = 1.0;
				PRODUCT_BUNDLE_IDENTIFIER = "com.xpn-development.DatingChamberTests";
				PRODUCT_NAME = "$(TARGET_NAME)";
				SWIFT_EMIT_LOC_STRINGS = NO;
				SWIFT_VERSION = 5.0;
				TARGETED_DEVICE_FAMILY = "1,2";
				TEST_HOST = "$(BUILT_PRODUCTS_DIR)/DatingChamber.app/$(BUNDLE_EXECUTABLE_FOLDER_PATH)/DatingChamber";
			};
			name = Debug;
		};
		FFB4D5CF29118EE20065955F /* Release */ = {
			isa = XCBuildConfiguration;
			baseConfigurationReference = 6F6F4E60DAE2952BB44EC050 /* Pods-DatingChamberTests.release.xcconfig */;
			buildSettings = {
				ALWAYS_EMBED_SWIFT_STANDARD_LIBRARIES = YES;
				BUNDLE_LOADER = "$(TEST_HOST)";
				CODE_SIGN_STYLE = Automatic;
				CURRENT_PROJECT_VERSION = 1;
				DEVELOPMENT_TEAM = SH2JVKZG3B;
				GENERATE_INFOPLIST_FILE = YES;
				IPHONEOS_DEPLOYMENT_TARGET = 16.0;
				MARKETING_VERSION = 1.0;
				PRODUCT_BUNDLE_IDENTIFIER = "com.xpn-development.DatingChamberTests";
				PRODUCT_NAME = "$(TARGET_NAME)";
				SWIFT_EMIT_LOC_STRINGS = NO;
				SWIFT_VERSION = 5.0;
				TARGETED_DEVICE_FAMILY = "1,2";
				TEST_HOST = "$(BUILT_PRODUCTS_DIR)/DatingChamber.app/$(BUNDLE_EXECUTABLE_FOLDER_PATH)/DatingChamber";
			};
			name = Release;
		};
		FFB4D5D129118EE20065955F /* Debug */ = {
			isa = XCBuildConfiguration;
			baseConfigurationReference = DD86050C16EA11A3FD42B06B /* Pods-DatingChamber-DatingChamberUITests.debug.xcconfig */;
			buildSettings = {
				ALWAYS_EMBED_SWIFT_STANDARD_LIBRARIES = YES;
				CODE_SIGN_STYLE = Automatic;
				CURRENT_PROJECT_VERSION = 1;
				DEVELOPMENT_TEAM = SH2JVKZG3B;
				GENERATE_INFOPLIST_FILE = YES;
				MARKETING_VERSION = 1.0;
				PRODUCT_BUNDLE_IDENTIFIER = "com.xpn-development.DatingChamberUITests";
				PRODUCT_NAME = "$(TARGET_NAME)";
				SWIFT_EMIT_LOC_STRINGS = NO;
				SWIFT_VERSION = 5.0;
				TARGETED_DEVICE_FAMILY = "1,2";
				TEST_TARGET_NAME = DatingChamber;
			};
			name = Debug;
		};
		FFB4D5D229118EE20065955F /* Release */ = {
			isa = XCBuildConfiguration;
			baseConfigurationReference = 49EFC70E342FEC061ADD1973 /* Pods-DatingChamber-DatingChamberUITests.release.xcconfig */;
			buildSettings = {
				ALWAYS_EMBED_SWIFT_STANDARD_LIBRARIES = YES;
				CODE_SIGN_STYLE = Automatic;
				CURRENT_PROJECT_VERSION = 1;
				DEVELOPMENT_TEAM = SH2JVKZG3B;
				GENERATE_INFOPLIST_FILE = YES;
				MARKETING_VERSION = 1.0;
				PRODUCT_BUNDLE_IDENTIFIER = "com.xpn-development.DatingChamberUITests";
				PRODUCT_NAME = "$(TARGET_NAME)";
				SWIFT_EMIT_LOC_STRINGS = NO;
				SWIFT_VERSION = 5.0;
				TARGETED_DEVICE_FAMILY = "1,2";
				TEST_TARGET_NAME = DatingChamber;
			};
			name = Release;
		};
/* End XCBuildConfiguration section */

/* Begin XCConfigurationList section */
		FFB4D5A129118EDE0065955F /* Build configuration list for PBXProject "DatingChamber" */ = {
			isa = XCConfigurationList;
			buildConfigurations = (
				FFB4D5C829118EE20065955F /* Debug */,
				FFB4D5C929118EE20065955F /* Release */,
			);
			defaultConfigurationIsVisible = 0;
			defaultConfigurationName = Release;
		};
		FFB4D5CA29118EE20065955F /* Build configuration list for PBXNativeTarget "DatingChamber" */ = {
			isa = XCConfigurationList;
			buildConfigurations = (
				FFB4D5CB29118EE20065955F /* Debug */,
				FFB4D5CC29118EE20065955F /* Release */,
			);
			defaultConfigurationIsVisible = 0;
			defaultConfigurationName = Release;
		};
		FFB4D5CD29118EE20065955F /* Build configuration list for PBXNativeTarget "DatingChamberTests" */ = {
			isa = XCConfigurationList;
			buildConfigurations = (
				FFB4D5CE29118EE20065955F /* Debug */,
				FFB4D5CF29118EE20065955F /* Release */,
			);
			defaultConfigurationIsVisible = 0;
			defaultConfigurationName = Release;
		};
		FFB4D5D029118EE20065955F /* Build configuration list for PBXNativeTarget "DatingChamberUITests" */ = {
			isa = XCConfigurationList;
			buildConfigurations = (
				FFB4D5D129118EE20065955F /* Debug */,
				FFB4D5D229118EE20065955F /* Release */,
			);
			defaultConfigurationIsVisible = 0;
			defaultConfigurationName = Release;
		};
/* End XCConfigurationList section */

/* Begin XCRemoteSwiftPackageReference section */
		FF5F2091291ACCE1007E0E99 /* XCRemoteSwiftPackageReference "swiftui-sliders" */ = {
			isa = XCRemoteSwiftPackageReference;
			repositoryURL = "https://github.com/spacenation/swiftui-sliders";
			requirement = {
				branch = main;
				kind = branch;
			};
		};
		FF5F209A291AE747007E0E99 /* XCRemoteSwiftPackageReference "TagLayoutView" */ = {
			isa = XCRemoteSwiftPackageReference;
			repositoryURL = "https://github.com/yotsu12/TagLayoutView";
			requirement = {
				branch = master;
				kind = branch;
			};
		};
		FFC6142B2911EA9D00CE75E2 /* XCRemoteSwiftPackageReference "firebase-ios-sdk" */ = {
			isa = XCRemoteSwiftPackageReference;
			repositoryURL = "https://github.com/firebase/firebase-ios-sdk";
			requirement = {
				branch = master;
				kind = branch;
			};
		};
		FFC6145B2912CC0300CE75E2 /* XCRemoteSwiftPackageReference "FirebaseService" */ = {
			isa = XCRemoteSwiftPackageReference;
			repositoryURL = "https://github.com/rebeloper/FirebaseService";
			requirement = {
				kind = upToNextMajorVersion;
				minimumVersion = 2.0.0;
			};
		};
		FFC6145E2912D52400CE75E2 /* XCRemoteSwiftPackageReference "ActivityIndicatorView" */ = {
			isa = XCRemoteSwiftPackageReference;
			repositoryURL = "https://github.com/exyte/ActivityIndicatorView.git";
			requirement = {
				kind = upToNextMajorVersion;
				minimumVersion = 1.0.0;
			};
		};
		FFC614692914789400CE75E2 /* XCRemoteSwiftPackageReference "GoogleSignIn-iOS" */ = {
			isa = XCRemoteSwiftPackageReference;
			repositoryURL = "https://github.com/google/GoogleSignIn-iOS.git";
			requirement = {
				kind = upToNextMajorVersion;
				minimumVersion = 6.0.0;
			};
		};
		FFCA5A3F291818A300C91BEC /* XCRemoteSwiftPackageReference "SDWebImageSwiftUI" */ = {
			isa = XCRemoteSwiftPackageReference;
			repositoryURL = "https://github.com/SDWebImage/SDWebImageSwiftUI.git";
			requirement = {
				kind = upToNextMajorVersion;
				minimumVersion = 2.0.0;
			};
		};
		FFCA5A442918289200C91BEC /* XCRemoteSwiftPackageReference "PromiseKit" */ = {
			isa = XCRemoteSwiftPackageReference;
			repositoryURL = "https://github.com/mxcl/PromiseKit";
			requirement = {
				kind = upToNextMajorVersion;
				minimumVersion = 6.0.0;
			};
		};
/* End XCRemoteSwiftPackageReference section */

/* Begin XCSwiftPackageProductDependency section */
		FF5F2092291ACCE2007E0E99 /* Sliders */ = {
			isa = XCSwiftPackageProductDependency;
			package = FF5F2091291ACCE1007E0E99 /* XCRemoteSwiftPackageReference "swiftui-sliders" */;
			productName = Sliders;
		};
		FF5F209B291AE747007E0E99 /* TagLayoutView */ = {
			isa = XCSwiftPackageProductDependency;
			package = FF5F209A291AE747007E0E99 /* XCRemoteSwiftPackageReference "TagLayoutView" */;
			productName = TagLayoutView;
		};
		FFC6142C2911EA9D00CE75E2 /* FirebaseAnalytics */ = {
			isa = XCSwiftPackageProductDependency;
			package = FFC6142B2911EA9D00CE75E2 /* XCRemoteSwiftPackageReference "firebase-ios-sdk" */;
			productName = FirebaseAnalytics;
		};
		FFC6142E2911EA9D00CE75E2 /* FirebaseAnalyticsSwift */ = {
			isa = XCSwiftPackageProductDependency;
			package = FFC6142B2911EA9D00CE75E2 /* XCRemoteSwiftPackageReference "firebase-ios-sdk" */;
			productName = FirebaseAnalyticsSwift;
		};
		FFC614302911EA9D00CE75E2 /* FirebaseAuth */ = {
			isa = XCSwiftPackageProductDependency;
			package = FFC6142B2911EA9D00CE75E2 /* XCRemoteSwiftPackageReference "firebase-ios-sdk" */;
			productName = FirebaseAuth;
		};
		FFC614322911EA9D00CE75E2 /* FirebaseCrashlytics */ = {
			isa = XCSwiftPackageProductDependency;
			package = FFC6142B2911EA9D00CE75E2 /* XCRemoteSwiftPackageReference "firebase-ios-sdk" */;
			productName = FirebaseCrashlytics;
		};
		FFC614342911EA9D00CE75E2 /* FirebaseDatabase */ = {
			isa = XCSwiftPackageProductDependency;
			package = FFC6142B2911EA9D00CE75E2 /* XCRemoteSwiftPackageReference "firebase-ios-sdk" */;
			productName = FirebaseDatabase;
		};
		FFC614362911EA9D00CE75E2 /* FirebaseDatabaseSwift */ = {
			isa = XCSwiftPackageProductDependency;
			package = FFC6142B2911EA9D00CE75E2 /* XCRemoteSwiftPackageReference "firebase-ios-sdk" */;
			productName = FirebaseDatabaseSwift;
		};
		FFC614382911EA9D00CE75E2 /* FirebaseFirestore */ = {
			isa = XCSwiftPackageProductDependency;
			package = FFC6142B2911EA9D00CE75E2 /* XCRemoteSwiftPackageReference "firebase-ios-sdk" */;
			productName = FirebaseFirestore;
		};
		FFC6143A2911EA9D00CE75E2 /* FirebaseFirestoreCombine-Community */ = {
			isa = XCSwiftPackageProductDependency;
			package = FFC6142B2911EA9D00CE75E2 /* XCRemoteSwiftPackageReference "firebase-ios-sdk" */;
			productName = "FirebaseFirestoreCombine-Community";
		};
		FFC6143C2911EA9D00CE75E2 /* FirebaseFirestoreSwift */ = {
			isa = XCSwiftPackageProductDependency;
			package = FFC6142B2911EA9D00CE75E2 /* XCRemoteSwiftPackageReference "firebase-ios-sdk" */;
			productName = FirebaseFirestoreSwift;
		};
		FFC6143E2911EA9D00CE75E2 /* FirebaseFunctions */ = {
			isa = XCSwiftPackageProductDependency;
			package = FFC6142B2911EA9D00CE75E2 /* XCRemoteSwiftPackageReference "firebase-ios-sdk" */;
			productName = FirebaseFunctions;
		};
		FFC614402911EA9D00CE75E2 /* FirebaseStorage */ = {
			isa = XCSwiftPackageProductDependency;
			package = FFC6142B2911EA9D00CE75E2 /* XCRemoteSwiftPackageReference "firebase-ios-sdk" */;
			productName = FirebaseStorage;
		};
		FFC614422911EA9D00CE75E2 /* FirebaseStorageCombine-Community */ = {
			isa = XCSwiftPackageProductDependency;
			package = FFC6142B2911EA9D00CE75E2 /* XCRemoteSwiftPackageReference "firebase-ios-sdk" */;
			productName = "FirebaseStorageCombine-Community";
		};
		FFC6145C2912CC0300CE75E2 /* FirebaseService */ = {
			isa = XCSwiftPackageProductDependency;
			package = FFC6145B2912CC0300CE75E2 /* XCRemoteSwiftPackageReference "FirebaseService" */;
			productName = FirebaseService;
		};
		FFC6145F2912D52400CE75E2 /* ActivityIndicatorView */ = {
			isa = XCSwiftPackageProductDependency;
			package = FFC6145E2912D52400CE75E2 /* XCRemoteSwiftPackageReference "ActivityIndicatorView" */;
			productName = ActivityIndicatorView;
		};
		FFC6146A2914789400CE75E2 /* GoogleSignIn */ = {
			isa = XCSwiftPackageProductDependency;
			package = FFC614692914789400CE75E2 /* XCRemoteSwiftPackageReference "GoogleSignIn-iOS" */;
			productName = GoogleSignIn;
		};
		FFCA5A40291818A300C91BEC /* SDWebImageSwiftUI */ = {
			isa = XCSwiftPackageProductDependency;
			package = FFCA5A3F291818A300C91BEC /* XCRemoteSwiftPackageReference "SDWebImageSwiftUI" */;
			productName = SDWebImageSwiftUI;
		};
		FFCA5A452918289200C91BEC /* PromiseKit */ = {
			isa = XCSwiftPackageProductDependency;
			package = FFCA5A442918289200C91BEC /* XCRemoteSwiftPackageReference "PromiseKit" */;
			productName = PromiseKit;
		};
/* End XCSwiftPackageProductDependency section */
	};
	rootObject = FFB4D59E29118EDE0065955F /* Project object */;
}
